<?xml version="1.0" encoding="utf-8"?>
<Project ToolsVersion="4.0" xmlns="http://schemas.microsoft.com/developer/msbuild/2003">
  <ItemGroup>
    <Filter Include="Source Files">
      <UniqueIdentifier>{4FC737F1-C7A5-4376-A066-2A32D752A2FF}</UniqueIdentifier>
      <Extensions>cpp;c;cc;cxx;def;odl;idl;hpj;bat;asm;asmx</Extensions>
    </Filter>
    <Filter Include="Header Files">
      <UniqueIdentifier>{93995380-89BD-4b04-88EB-625FBE52EBFB}</UniqueIdentifier>
      <Extensions>h;hpp;hxx;hm;inl;inc;xsd</Extensions>
    </Filter>
    <Filter Include="Resource Files">
      <UniqueIdentifier>{67DA6AB6-F800-4c08-8B7A-83BB121AAD01}</UniqueIdentifier>
      <Extensions>rc;ico;cur;bmp;dlg;rc2;rct;bin;rgs;gif;jpg;jpeg;jpe;resx;tiff;tif;png;wav;mfcribbon-ms</Extensions>
    </Filter>
  </ItemGroup>
  <ItemGroup>
    <ClInclude Include="stdafx.h">
      <Filter>Header Files</Filter>
    </ClInclude>
    <ClInclude Include="Subsystems\FileSubsystem.hpp">
      <Filter>Header Files</Filter>
    </ClInclude>
    <ClInclude Include="Subsystems\FileSubsystemTypedefs.hpp">
      <Filter>Header Files</Filter>
    </ClInclude>
    <ClInclude Include="Subsystem.hpp">
      <Filter>Header Files</Filter>
    </ClInclude>
    <ClInclude Include="Subsystem.Detours.hpp">
      <Filter>Header Files</Filter>
    </ClInclude>
    <ClInclude Include="Subsystems\KernelSubsystemTypedefs.hpp">
      <Filter>Header Files</Filter>
    </ClInclude>
    <ClInclude Include="Subsystems\KernelSubsystem.hpp">
      <Filter>Header Files</Filter>
    </ClInclude>
    <ClInclude Include="DSPExHandlers\DSPExLol.hpp">
      <Filter>Header Files</Filter>
    </ClInclude>
    <ClInclude Include="ThirdParty\guicon.h">
      <Filter>Header Files</Filter>
    </ClInclude>
    <ClInclude Include="Subsystems\D3D9SubsystemTypedefs.h">
      <Filter>Header Files</Filter>
    </ClInclude>
    <ClInclude Include="Application.hpp">
      <Filter>Header Files</Filter>
    </ClInclude>
    <ClInclude Include="Configuration.hpp">
      <Filter>Header Files</Filter>
    </ClInclude>
    <ClInclude Include="Init\Bootloader.hpp">
      <Filter>Header Files</Filter>
    </ClInclude>
    <ClInclude Include="Init\BootloaderRemoteLogger.hpp">
      <Filter>Header Files</Filter>
    </ClInclude>
    <ClInclude Include="Init\bootstrap_context.hpp">
      <Filter>Header Files</Filter>
    </ClInclude>
    <ClInclude Include="IO\DIM\DIMInstructionSet.hpp">
      <Filter>Header Files</Filter>
    </ClInclude>
    <ClInclude Include="IO\DIM\DSPExRITDIMProcessTaskListHandler.hpp">
      <Filter>Header Files</Filter>
    </ClInclude>
    <ClInclude Include="IO\DSP\ClientImpl\DSPExLITBootstrapGetArgsHandler.hpp">
      <Filter>Header Files</Filter>
    </ClInclude>
    <ClInclude Include="IO\DSP\ClientImpl\DSPExLITEchoHandler.hpp">
      <Filter>Header Files</Filter>
    </ClInclude>
    <ClInclude Include="IO\DSP\ClientImpl\DSPExLITRemoteLogHandler.hpp">
      <Filter>Header Files</Filter>
    </ClInclude>
    <ClInclude Include="IO\DSP\ClientImpl\DSPExRITDIMRunTasksHandler.hpp">
      <Filter>Header Files</Filter>
    </ClInclude>
    <ClInclude Include="IO\DSP\ClientImpl\DSPExRITEchoHandler.hpp">
      <Filter>Header Files</Filter>
    </ClInclude>
    <ClInclude Include="IO\DSP\DefaultDSPExInstructionSet.hpp">
      <Filter>Header Files</Filter>
    </ClInclude>
    <ClInclude Include="IO\DSP\DSP.hpp">
      <Filter>Header Files</Filter>
    </ClInclude>
    <ClInclude Include="IO\DSP\DSPConstants.hpp">
      <Filter>Header Files</Filter>
    </ClInclude>
    <ClInclude Include="IO\DSP\DSPEx.hpp">
      <Filter>Header Files</Filter>
    </ClInclude>
    <ClInclude Include="IO\DSP\DSPExFrameProcessor.hpp">
      <Filter>Header Files</Filter>
    </ClInclude>
    <ClInclude Include="IO\DSP\DSPExFrameTransmitter.hpp">
      <Filter>Header Files</Filter>
    </ClInclude>
    <ClInclude Include="IO\DSP\DSPExInitialMessage.hpp">
      <Filter>Header Files</Filter>
    </ClInclude>
    <ClInclude Include="IO\DSP\DSPExLITransactionHandler.hpp">
      <Filter>Header Files</Filter>
    </ClInclude>
    <ClInclude Include="IO\DSP\DSPExMessage.hpp">
      <Filter>Header Files</Filter>
    </ClInclude>
    <ClInclude Include="IO\DSP\DSPExNode.hpp">
      <Filter>Header Files</Filter>
    </ClInclude>
    <ClInclude Include="IO\DSP\DSPExNodeSession.hpp">
      <Filter>Header Files</Filter>
    </ClInclude>
    <ClInclude Include="IO\DSP\DSPExRITransactionHandler.hpp">
      <Filter>Header Files</Filter>
    </ClInclude>
    <ClInclude Include="IO\DSP\DSPExTypeDefs.hpp">
      <Filter>Header Files</Filter>
    </ClInclude>
    <ClInclude Include="IO\DSP\IDSPExFrameTransmitter.hpp">
      <Filter>Header Files</Filter>
    </ClInclude>
    <ClInclude Include="IO\DSP\IDSPExInstructionSet.hpp">
      <Filter>Header Files</Filter>
    </ClInclude>
    <ClInclude Include="IO\DSP\IDSPExSession.hpp">
      <Filter>Header Files</Filter>
    </ClInclude>
    <ClInclude Include="IO\DSP.h">
      <Filter>Header Files</Filter>
    </ClInclude>
    <ClInclude Include="IO\IoProxy.hpp">
      <Filter>Header Files</Filter>
    </ClInclude>
    <ClInclude Include="IO\IOTypedefs.hpp">
      <Filter>Header Files</Filter>
    </ClInclude>
    <ClInclude Include="IO\IPCObject.hpp">
      <Filter>Header Files</Filter>
    </ClInclude>
    <ClInclude Include="IO\DIM\CommandManager.hpp">
      <Filter>Header Files</Filter>
    </ClInclude>
    <ClInclude Include="io.hpp">
      <Filter>Header Files</Filter>
    </ClInclude>
    <ClInclude Include="IO\DIM\DSPExLITDIMQueryInitialCommandListHandler.hpp">
      <Filter>Header Files</Filter>
    </ClInclude>
    <ClInclude Include="IO\DIM\DIMCommand.hpp">
      <Filter>Header Files</Filter>
    </ClInclude>
    <ClInclude Include="IO\DIM\DIMCommandTypes.hpp">
      <Filter>Header Files</Filter>
    </ClInclude>
    <ClInclude Include="IO\DIM\IDIMCommandHandler.hpp">
      <Filter>Header Files</Filter>
    </ClInclude>
    <ClInclude Include="Commands\FileRedirectionCommandHandler.hpp">
      <Filter>Header Files</Filter>
    </ClInclude>
    <ClInclude Include="Subsystems\FileOperationProxy.hpp">
      <Filter>Header Files</Filter>
    </ClInclude>
    <ClInclude Include="Subsystems\DefaultFileOperationProxy.hpp">
      <Filter>Header Files</Filter>
    </ClInclude>
    <ClInclude Include="Subsystems\FileOperationProxyFactory.hpp">
      <Filter>Header Files</Filter>
    </ClInclude>
    <ClInclude Include="Subsystems\RedirectedFileOperationProxy.hpp">
      <Filter>Header Files</Filter>
    </ClInclude>
    <ClInclude Include="Subsystems\RedirectedFileOperationProxyFactory.hpp">
      <Filter>Header Files</Filter>
    </ClInclude>
    <ClInclude Include="Subsystems\RedirectedFileOperationProxyFactoryFactory.hpp">
      <Filter>Header Files</Filter>
    </ClInclude>
  </ItemGroup>
  <ItemGroup>
    <ClCompile Include="main.cpp">
      <Filter>Source Files</Filter>
    </ClCompile>
    <ClCompile Include="stdafx.cpp">
      <Filter>Source Files</Filter>
    </ClCompile>
    <ClCompile Include="Subsystems\FileSubsystem.cpp">
      <Filter>Source Files</Filter>
    </ClCompile>
    <ClCompile Include="Subsystem.cpp">
      <Filter>Source Files</Filter>
    </ClCompile>
    <ClCompile Include="DllMain.cpp">
      <Filter>Source Files</Filter>
    </ClCompile>
    <ClCompile Include="Subsystems\KernelSubsystem.cpp">
      <Filter>Source Files</Filter>
    </ClCompile>
    <ClCompile Include="ThirdParty\guicon.cpp">
      <Filter>Source Files</Filter>
    </ClCompile>
    <ClCompile Include="Application.cpp">
      <Filter>Source Files</Filter>
    </ClCompile>
    <ClCompile Include="Configuration.cpp">
      <Filter>Source Files</Filter>
    </ClCompile>
    <ClCompile Include="Init\Bootloader.cpp">
      <Filter>Source Files</Filter>
    </ClCompile>
    <ClCompile Include="Init\BootloaderRemoteLogger.cpp">
      <Filter>Source Files</Filter>
    </ClCompile>
    <ClCompile Include="IO\DIM\DSPExRITDIMProcessTaskListHandler.cpp">
      <Filter>Source Files</Filter>
    </ClCompile>
    <ClCompile Include="IO\DSP\ClientImpl\DSPExLITBootstrapGetArgsHandler.cpp">
      <Filter>Source Files</Filter>
    </ClCompile>
    <ClCompile Include="IO\DSP\ClientImpl\DSPExLITEchoHandler.cpp">
      <Filter>Source Files</Filter>
    </ClCompile>
    <ClCompile Include="IO\DSP\ClientImpl\DSPExLITRemoteLogHandler.cpp">
      <Filter>Source Files</Filter>
    </ClCompile>
    <ClCompile Include="IO\DSP\ClientImpl\DSPExRITEchoHandler.cpp">
      <Filter>Source Files</Filter>
    </ClCompile>
    <ClCompile Include="IO\DSP\DefaultDSPExInstructionSet.cpp">
      <Filter>Source Files</Filter>
    </ClCompile>
    <ClCompile Include="IO\DSP\DSPExFrameProcessor.cpp">
      <Filter>Source Files</Filter>
    </ClCompile>
    <ClCompile Include="IO\DSP\DSPExFrameTransmitter.cpp">
      <Filter>Source Files</Filter>
    </ClCompile>
    <ClCompile Include="IO\DSP\DSPExLITransactionHandler.cpp">
      <Filter>Source Files</Filter>
    </ClCompile>
    <ClCompile Include="IO\DSP\DSPExNode.cpp">
      <Filter>Source Files</Filter>
    </ClCompile>
    <ClCompile Include="IO\DSP\DSPExNodeSession.cpp">
      <Filter>Source Files</Filter>
    </ClCompile>
    <ClCompile Include="IO\DSP\DSPExRITransactionHandler.cpp">
      <Filter>Source Files</Filter>
    </ClCompile>
    <ClCompile Include="IO\IPCObject.cpp">
      <Filter>Source Files</Filter>
    </ClCompile>
    <ClCompile Include="IO\DIM\CommandManager.cpp">
      <Filter>Source Files</Filter>
    </ClCompile>
    <ClCompile Include="io.cpp">
      <Filter>Source Files</Filter>
    </ClCompile>
    <ClCompile Include="IO\DIM\DSPExLITDIMQueryInitialCommandListHandler.cpp">
      <Filter>Source Files</Filter>
    </ClCompile>
    <ClCompile Include="Commands\FileRedirectionCommandHandler.cpp">
      <Filter>Source Files</Filter>
    </ClCompile>
    <ClCompile Include="Subsystems\DefaultFileOperationProxy.cpp">
      <Filter>Source Files</Filter>
    </ClCompile>
    <ClCompile Include="Subsystems\RedirectedFileOperationProxy.cpp">
      <Filter>Source Files</Filter>
    </ClCompile>
    <ClCompile Include="Subsystems\RedirectedFileOperationProxyFactory.cpp">
      <Filter>Source Files</Filter>
    </ClCompile>
    <ClCompile Include="Subsystems\RedirectedFileOperationProxyFactoryFactory.cpp">
      <Filter>Source Files</Filter>
    </ClCompile>
  </ItemGroup>
</Project>