
Microsoft Visual Studio Solution File, Format Version 12.00
# Visual Studio 2013
VisualStudioVersion = 12.0.30723.0
MinimumVisualStudioVersion = 10.0.40219.1
Project("{FAE04EC0-301F-11D3-BF4B-00C04F79EFBC}") = "libdnode", "libdnode\libdnode.csproj", "{D28AF7FA-367C-472C-954D-694319528208}"
EndProject
Project("{FAE04EC0-301F-11D3-BF4B-00C04F79EFBC}") = "libdargon.common", "libdargon.common\libdargon.common.csproj", "{D2A303A1-665F-4F6F-9BC6-3D91A8F02978}"
EndProject
Project("{FAE04EC0-301F-11D3-BF4B-00C04F79EFBC}") = "libdargon.filesystem-api", "libdio\libdargon.filesystem-api.csproj", "{AA2F9174-3FD1-41DC-8F15-D37D134300D4}"
EndProject
Project("{FAE04EC0-301F-11D3-BF4B-00C04F79EFBC}") = "libdargon.game-api", "libdargon.game\libdargon.game-api.csproj", "{3008DB66-80D6-4CF3-BF89-2534530E1C83}"
EndProject
Project("{FAE04EC0-301F-11D3-BF4B-00C04F79EFBC}") = "daemon-impl", "DargonD\daemon-impl.csproj", "{AB5F3378-D1FB-4397-B337-E440837CD185}"
	ProjectSection(ProjectDependencies) = postProject
		{EA2EFC04-2ADC-4B82-AB97-424A043A590F} = {EA2EFC04-2ADC-4B82-AB97-424A043A590F}
		{9699E719-25FA-41DF-B966-B43CF50F9B00} = {9699E719-25FA-41DF-B966-B43CF50F9B00}
		{2F26CB57-5F3B-4EDF-BD9B-1CADAC3FA981} = {2F26CB57-5F3B-4EDF-BD9B-1CADAC3FA981}
		{3008DB66-80D6-4CF3-BF89-2534530E1C83} = {3008DB66-80D6-4CF3-BF89-2534530E1C83}
		{DF2D0693-EC29-4BFF-A32D-C11F6D509B52} = {DF2D0693-EC29-4BFF-A32D-C11F6D509B52}
		{959ADDA0-D08F-4238-B0A8-A9C715A9DB3A} = {959ADDA0-D08F-4238-B0A8-A9C715A9DB3A}
		{D2A303A1-665F-4F6F-9BC6-3D91A8F02978} = {D2A303A1-665F-4F6F-9BC6-3D91A8F02978}
		{1C6D9EC6-2C67-46D3-92B5-A0059E1D305E} = {1C6D9EC6-2C67-46D3-92B5-A0059E1D305E}
		{747797D1-8A0B-4644-96B0-78D484EBC8B6} = {747797D1-8A0B-4644-96B0-78D484EBC8B6}
		{D28AF7FA-367C-472C-954D-694319528208} = {D28AF7FA-367C-472C-954D-694319528208}
	EndProjectSection
EndProject
Project("{FAE04EC0-301F-11D3-BF4B-00C04F79EFBC}") = "ItzWarty", "..\libwarty\ItzWarty.csproj", "{097B6B08-4034-408A-B3C0-A12E8F9E8893}"
EndProject
Project("{FAE04EC0-301F-11D3-BF4B-00C04F79EFBC}") = "librads", "..\librads\librads.csproj", "{ABF2ED7E-F5A9-4A4D-A983-3D356A126A02}"
EndProject
Project("{FAE04EC0-301F-11D3-BF4B-00C04F79EFBC}") = "libdpm", "libdpatch\libdpm.csproj", "{9699E719-25FA-41DF-B966-B43CF50F9B00}"
EndProject
Project("{FAE04EC0-301F-11D3-BF4B-00C04F79EFBC}") = "daemon-api", "daemon-api\daemon-api.csproj", "{EA2EFC04-2ADC-4B82-AB97-424A043A590F}"
EndProject
Project("{FAE04EC0-301F-11D3-BF4B-00C04F79EFBC}") = "libdargon.process-impl", "libdargon.injection\libdargon.process-impl.csproj", "{747797D1-8A0B-4644-96B0-78D484EBC8B6}"
EndProject
Project("{FAE04EC0-301F-11D3-BF4B-00C04F79EFBC}") = "libdargon.lol-impl", "libdargon.game-impl-lol\libdargon.lol-impl.csproj", "{1C6D9EC6-2C67-46D3-92B5-A0059E1D305E}"
EndProject
Project("{FAE04EC0-301F-11D3-BF4B-00C04F79EFBC}") = "libdargon.modification-repository-api", "libdargon.modification-repository-api\libdargon.modification-repository-api.csproj", "{DF2D0693-EC29-4BFF-A32D-C11F6D509B52}"
EndProject
Project("{FAE04EC0-301F-11D3-BF4B-00C04F79EFBC}") = "libdargon.modification-repository-impl", "libdargon.modification-repository-impl\libdargon.modification-repository-impl.csproj", "{959ADDA0-D08F-4238-B0A8-A9C715A9DB3A}"
EndProject
Project("{FAE04EC0-301F-11D3-BF4B-00C04F79EFBC}") = "libdargon.process-api", "libdargon.process-api\libdargon.process-api.csproj", "{2F26CB57-5F3B-4EDF-BD9B-1CADAC3FA981}"
EndProject
Project("{FAE04EC0-301F-11D3-BF4B-00C04F79EFBC}") = "common-resources", "common-resources\common-resources.csproj", "{240FD585-1142-4395-A88F-7B9497A9B828}"
EndProject
Project("{FAE04EC0-301F-11D3-BF4B-00C04F79EFBC}") = "libdargon.tray-api", "libdargon.tray-api\libdargon.tray-api.csproj", "{0759F916-00B7-4A23-847A-A12E19DD2777}"
EndProject
Project("{FAE04EC0-301F-11D3-BF4B-00C04F79EFBC}") = "libdargon.tray-impl", "libdargon.tray-impl\libdargon.tray-impl.csproj", "{6D00D055-8C83-4616-B56E-357665DCC73F}"
EndProject
Project("{FAE04EC0-301F-11D3-BF4B-00C04F79EFBC}") = "libdargon.lol-api", "libdargon.lol-api\libdargon.lol-api.csproj", "{FC2ED8AC-0D8B-45C3-82B1-E47F3D20833E}"
EndProject
Project("{FAE04EC0-301F-11D3-BF4B-00C04F79EFBC}") = "libdargon.injected-module-api", "libdargon.dargon-injected-module-api\libdargon.injected-module-api.csproj", "{C4B98A85-F3B6-43FE-AF0A-16E34E63E238}"
EndProject
Project("{FAE04EC0-301F-11D3-BF4B-00C04F79EFBC}") = "libdargon.injected-module-impl", "libdargon.injected-module-impl\libdargon.injected-module-impl.csproj", "{0EEFC1AB-19DD-4A3A-A5E7-12C566D3761B}"
EndProject
Project("{2150E333-8FDC-42A3-9474-1A3956D46DE8}") = "Brainstorming", "Brainstorming", "{EA4B3934-A113-4835-AFAC-F265D3B3A05D}"
	ProjectSection(SolutionItems) = preProject
		Brainstorming\22 September 2014 - Resolution and Compilation.txt = Brainstorming\22 September 2014 - Resolution and Compilation.txt
	EndProjectSection
EndProject
Project("{FAE04EC0-301F-11D3-BF4B-00C04F79EFBC}") = "libdargon.modification-api", "libdargon.modification-api\libdargon.modification-api.csproj", "{9C5CFADB-05A2-4BCD-9490-E5DEB1CF0490}"
EndProject
Project("{FAE04EC0-301F-11D3-BF4B-00C04F79EFBC}") = "libdargon.modification-impl", "libdargon.modification-impl\libdargon.modification-impl.csproj", "{65054C16-4C56-4F57-A8C1-F325B9320803}"
EndProject
Project("{2150E333-8FDC-42A3-9474-1A3956D46DE8}") = "InjectedModule", "InjectedModule", "{1FA9A3C3-F366-4FD2-B5AA-ADC7107230CF}"
EndProject
Project("{8BC9CEB8-8B4A-11D0-8D11-00A0C91BC942}") = "DargonLibCpp", "DargonLibCpp\DargonLibCpp.vcxproj", "{4728635F-5B34-4A40-A6C8-70AEE5074DC8}"
EndProject
Project("{2150E333-8FDC-42A3-9474-1A3956D46DE8}") = "Solution Items", "Solution Items", "{4B886033-0F8E-4470-B0EE-A853074EA697}"
EndProject
Project("{8BC9CEB8-8B4A-11D0-8D11-00A0C91BC942}") = "Dargon - Injected Module", "DargonInjectedModule\Dargon - Injected Module.vcxproj", "{D1C97EAF-0503-4031-A690-CD6CCAD48C5A}"
	ProjectSection(ProjectDependencies) = postProject
		{4728635F-5B34-4A40-A6C8-70AEE5074DC8} = {4728635F-5B34-4A40-A6C8-70AEE5074DC8}
	EndProjectSection
EndProject
Project("{FAE04EC0-301F-11D3-BF4B-00C04F79EFBC}") = "libdtp", "..\libdtp\libdtp.csproj", "{C9F92566-1F94-4235-944C-19364459F9A6}"
EndProject
Project("{FAE04EC0-301F-11D3-BF4B-00C04F79EFBC}") = "common-proxies", "common-proxies\common-proxies.csproj", "{6AAA4F38-0C18-4D29-B7A2-EDDDD08DC5FF}"
EndProject
Global
	GlobalSection(SolutionConfigurationPlatforms) = preSolution
		Console|Any CPU = Console|Any CPU
		Console|Mixed Platforms = Console|Mixed Platforms
		Console|Win32 = Console|Win32
		Console|x86 = Console|x86
		Debug|Any CPU = Debug|Any CPU
		Debug|Mixed Platforms = Debug|Mixed Platforms
		Debug|Win32 = Debug|Win32
		Debug|x86 = Debug|x86
		Release|Any CPU = Release|Any CPU
		Release|Mixed Platforms = Release|Mixed Platforms
		Release|Win32 = Release|Win32
		Release|x86 = Release|x86
	EndGlobalSection
	GlobalSection(ProjectConfigurationPlatforms) = postSolution
		{D28AF7FA-367C-472C-954D-694319528208}.Console|Any CPU.ActiveCfg = Release|Any CPU
		{D28AF7FA-367C-472C-954D-694319528208}.Console|Any CPU.Build.0 = Release|Any CPU
		{D28AF7FA-367C-472C-954D-694319528208}.Console|Mixed Platforms.ActiveCfg = Release|Any CPU
		{D28AF7FA-367C-472C-954D-694319528208}.Console|Mixed Platforms.Build.0 = Release|Any CPU
		{D28AF7FA-367C-472C-954D-694319528208}.Console|Win32.ActiveCfg = Release|Any CPU
		{D28AF7FA-367C-472C-954D-694319528208}.Console|x86.ActiveCfg = Release|Any CPU
		{D28AF7FA-367C-472C-954D-694319528208}.Debug|Any CPU.ActiveCfg = Debug|Any CPU
		{D28AF7FA-367C-472C-954D-694319528208}.Debug|Any CPU.Build.0 = Debug|Any CPU
		{D28AF7FA-367C-472C-954D-694319528208}.Debug|Mixed Platforms.ActiveCfg = Debug|Any CPU
		{D28AF7FA-367C-472C-954D-694319528208}.Debug|Mixed Platforms.Build.0 = Debug|Any CPU
		{D28AF7FA-367C-472C-954D-694319528208}.Debug|Win32.ActiveCfg = Debug|Any CPU
		{D28AF7FA-367C-472C-954D-694319528208}.Debug|x86.ActiveCfg = Debug|Any CPU
		{D28AF7FA-367C-472C-954D-694319528208}.Release|Any CPU.ActiveCfg = Release|Any CPU
		{D28AF7FA-367C-472C-954D-694319528208}.Release|Any CPU.Build.0 = Release|Any CPU
		{D28AF7FA-367C-472C-954D-694319528208}.Release|Mixed Platforms.ActiveCfg = Release|Any CPU
		{D28AF7FA-367C-472C-954D-694319528208}.Release|Mixed Platforms.Build.0 = Release|Any CPU
		{D28AF7FA-367C-472C-954D-694319528208}.Release|Win32.ActiveCfg = Release|Any CPU
		{D28AF7FA-367C-472C-954D-694319528208}.Release|x86.ActiveCfg = Release|Any CPU
		{D2A303A1-665F-4F6F-9BC6-3D91A8F02978}.Console|Any CPU.ActiveCfg = Release|Any CPU
		{D2A303A1-665F-4F6F-9BC6-3D91A8F02978}.Console|Any CPU.Build.0 = Release|Any CPU
		{D2A303A1-665F-4F6F-9BC6-3D91A8F02978}.Console|Mixed Platforms.ActiveCfg = Release|Any CPU
		{D2A303A1-665F-4F6F-9BC6-3D91A8F02978}.Console|Mixed Platforms.Build.0 = Release|Any CPU
		{D2A303A1-665F-4F6F-9BC6-3D91A8F02978}.Console|Win32.ActiveCfg = Release|Any CPU
		{D2A303A1-665F-4F6F-9BC6-3D91A8F02978}.Console|x86.ActiveCfg = Release|Any CPU
		{D2A303A1-665F-4F6F-9BC6-3D91A8F02978}.Debug|Any CPU.ActiveCfg = Debug|Any CPU
		{D2A303A1-665F-4F6F-9BC6-3D91A8F02978}.Debug|Any CPU.Build.0 = Debug|Any CPU
		{D2A303A1-665F-4F6F-9BC6-3D91A8F02978}.Debug|Mixed Platforms.ActiveCfg = Debug|Any CPU
		{D2A303A1-665F-4F6F-9BC6-3D91A8F02978}.Debug|Mixed Platforms.Build.0 = Debug|Any CPU
		{D2A303A1-665F-4F6F-9BC6-3D91A8F02978}.Debug|Win32.ActiveCfg = Debug|Any CPU
		{D2A303A1-665F-4F6F-9BC6-3D91A8F02978}.Debug|x86.ActiveCfg = Debug|Any CPU
		{D2A303A1-665F-4F6F-9BC6-3D91A8F02978}.Release|Any CPU.ActiveCfg = Release|Any CPU
		{D2A303A1-665F-4F6F-9BC6-3D91A8F02978}.Release|Any CPU.Build.0 = Release|Any CPU
		{D2A303A1-665F-4F6F-9BC6-3D91A8F02978}.Release|Mixed Platforms.ActiveCfg = Release|Any CPU
		{D2A303A1-665F-4F6F-9BC6-3D91A8F02978}.Release|Mixed Platforms.Build.0 = Release|Any CPU
		{D2A303A1-665F-4F6F-9BC6-3D91A8F02978}.Release|Win32.ActiveCfg = Release|Any CPU
		{D2A303A1-665F-4F6F-9BC6-3D91A8F02978}.Release|x86.ActiveCfg = Release|Any CPU
		{AA2F9174-3FD1-41DC-8F15-D37D134300D4}.Console|Any CPU.ActiveCfg = Release|Any CPU
		{AA2F9174-3FD1-41DC-8F15-D37D134300D4}.Console|Any CPU.Build.0 = Release|Any CPU
		{AA2F9174-3FD1-41DC-8F15-D37D134300D4}.Console|Mixed Platforms.ActiveCfg = Release|Any CPU
		{AA2F9174-3FD1-41DC-8F15-D37D134300D4}.Console|Mixed Platforms.Build.0 = Release|Any CPU
		{AA2F9174-3FD1-41DC-8F15-D37D134300D4}.Console|Win32.ActiveCfg = Release|Any CPU
		{AA2F9174-3FD1-41DC-8F15-D37D134300D4}.Console|x86.ActiveCfg = Release|Any CPU
		{AA2F9174-3FD1-41DC-8F15-D37D134300D4}.Debug|Any CPU.ActiveCfg = Debug|Any CPU
		{AA2F9174-3FD1-41DC-8F15-D37D134300D4}.Debug|Any CPU.Build.0 = Debug|Any CPU
		{AA2F9174-3FD1-41DC-8F15-D37D134300D4}.Debug|Mixed Platforms.ActiveCfg = Debug|Any CPU
		{AA2F9174-3FD1-41DC-8F15-D37D134300D4}.Debug|Mixed Platforms.Build.0 = Debug|Any CPU
		{AA2F9174-3FD1-41DC-8F15-D37D134300D4}.Debug|Win32.ActiveCfg = Debug|Any CPU
		{AA2F9174-3FD1-41DC-8F15-D37D134300D4}.Debug|x86.ActiveCfg = Debug|Any CPU
		{AA2F9174-3FD1-41DC-8F15-D37D134300D4}.Release|Any CPU.ActiveCfg = Release|Any CPU
		{AA2F9174-3FD1-41DC-8F15-D37D134300D4}.Release|Any CPU.Build.0 = Release|Any CPU
		{AA2F9174-3FD1-41DC-8F15-D37D134300D4}.Release|Mixed Platforms.ActiveCfg = Release|Any CPU
		{AA2F9174-3FD1-41DC-8F15-D37D134300D4}.Release|Mixed Platforms.Build.0 = Release|Any CPU
		{AA2F9174-3FD1-41DC-8F15-D37D134300D4}.Release|Win32.ActiveCfg = Release|Any CPU
		{AA2F9174-3FD1-41DC-8F15-D37D134300D4}.Release|x86.ActiveCfg = Release|Any CPU
		{3008DB66-80D6-4CF3-BF89-2534530E1C83}.Console|Any CPU.ActiveCfg = Release|Any CPU
		{3008DB66-80D6-4CF3-BF89-2534530E1C83}.Console|Any CPU.Build.0 = Release|Any CPU
		{3008DB66-80D6-4CF3-BF89-2534530E1C83}.Console|Mixed Platforms.ActiveCfg = Release|Any CPU
		{3008DB66-80D6-4CF3-BF89-2534530E1C83}.Console|Mixed Platforms.Build.0 = Release|Any CPU
		{3008DB66-80D6-4CF3-BF89-2534530E1C83}.Console|Win32.ActiveCfg = Release|Any CPU
		{3008DB66-80D6-4CF3-BF89-2534530E1C83}.Console|x86.ActiveCfg = Release|Any CPU
		{3008DB66-80D6-4CF3-BF89-2534530E1C83}.Debug|Any CPU.ActiveCfg = Debug|Any CPU
		{3008DB66-80D6-4CF3-BF89-2534530E1C83}.Debug|Any CPU.Build.0 = Debug|Any CPU
		{3008DB66-80D6-4CF3-BF89-2534530E1C83}.Debug|Mixed Platforms.ActiveCfg = Debug|Any CPU
		{3008DB66-80D6-4CF3-BF89-2534530E1C83}.Debug|Mixed Platforms.Build.0 = Debug|Any CPU
		{3008DB66-80D6-4CF3-BF89-2534530E1C83}.Debug|Win32.ActiveCfg = Debug|Any CPU
		{3008DB66-80D6-4CF3-BF89-2534530E1C83}.Debug|x86.ActiveCfg = Debug|Any CPU
		{3008DB66-80D6-4CF3-BF89-2534530E1C83}.Release|Any CPU.ActiveCfg = Release|Any CPU
		{3008DB66-80D6-4CF3-BF89-2534530E1C83}.Release|Any CPU.Build.0 = Release|Any CPU
		{3008DB66-80D6-4CF3-BF89-2534530E1C83}.Release|Mixed Platforms.ActiveCfg = Release|Any CPU
		{3008DB66-80D6-4CF3-BF89-2534530E1C83}.Release|Mixed Platforms.Build.0 = Release|Any CPU
		{3008DB66-80D6-4CF3-BF89-2534530E1C83}.Release|Win32.ActiveCfg = Release|Any CPU
		{3008DB66-80D6-4CF3-BF89-2534530E1C83}.Release|x86.ActiveCfg = Release|Any CPU
		{AB5F3378-D1FB-4397-B337-E440837CD185}.Console|Any CPU.ActiveCfg = Release|Any CPU
		{AB5F3378-D1FB-4397-B337-E440837CD185}.Console|Any CPU.Build.0 = Release|Any CPU
		{AB5F3378-D1FB-4397-B337-E440837CD185}.Console|Mixed Platforms.ActiveCfg = Release|Any CPU
		{AB5F3378-D1FB-4397-B337-E440837CD185}.Console|Mixed Platforms.Build.0 = Release|Any CPU
		{AB5F3378-D1FB-4397-B337-E440837CD185}.Console|Win32.ActiveCfg = Release|Any CPU
		{AB5F3378-D1FB-4397-B337-E440837CD185}.Console|x86.ActiveCfg = Release|Any CPU
		{AB5F3378-D1FB-4397-B337-E440837CD185}.Debug|Any CPU.ActiveCfg = Debug|Any CPU
		{AB5F3378-D1FB-4397-B337-E440837CD185}.Debug|Any CPU.Build.0 = Debug|Any CPU
		{AB5F3378-D1FB-4397-B337-E440837CD185}.Debug|Mixed Platforms.ActiveCfg = Debug|Any CPU
		{AB5F3378-D1FB-4397-B337-E440837CD185}.Debug|Mixed Platforms.Build.0 = Debug|Any CPU
		{AB5F3378-D1FB-4397-B337-E440837CD185}.Debug|Win32.ActiveCfg = Debug|Any CPU
		{AB5F3378-D1FB-4397-B337-E440837CD185}.Debug|x86.ActiveCfg = Debug|Any CPU
		{AB5F3378-D1FB-4397-B337-E440837CD185}.Release|Any CPU.ActiveCfg = Release|Any CPU
		{AB5F3378-D1FB-4397-B337-E440837CD185}.Release|Any CPU.Build.0 = Release|Any CPU
		{AB5F3378-D1FB-4397-B337-E440837CD185}.Release|Mixed Platforms.ActiveCfg = Release|Any CPU
		{AB5F3378-D1FB-4397-B337-E440837CD185}.Release|Mixed Platforms.Build.0 = Release|Any CPU
		{AB5F3378-D1FB-4397-B337-E440837CD185}.Release|Win32.ActiveCfg = Release|Any CPU
		{AB5F3378-D1FB-4397-B337-E440837CD185}.Release|x86.ActiveCfg = Release|Any CPU
		{097B6B08-4034-408A-B3C0-A12E8F9E8893}.Console|Any CPU.ActiveCfg = TempBuild|Any CPU
		{097B6B08-4034-408A-B3C0-A12E8F9E8893}.Console|Any CPU.Build.0 = TempBuild|Any CPU
		{097B6B08-4034-408A-B3C0-A12E8F9E8893}.Console|Mixed Platforms.ActiveCfg = TempBuild|x86
		{097B6B08-4034-408A-B3C0-A12E8F9E8893}.Console|Mixed Platforms.Build.0 = TempBuild|x86
		{097B6B08-4034-408A-B3C0-A12E8F9E8893}.Console|Win32.ActiveCfg = TempBuild|x86
		{097B6B08-4034-408A-B3C0-A12E8F9E8893}.Console|Win32.Build.0 = TempBuild|x86
		{097B6B08-4034-408A-B3C0-A12E8F9E8893}.Console|x86.ActiveCfg = TempBuild|x86
		{097B6B08-4034-408A-B3C0-A12E8F9E8893}.Console|x86.Build.0 = TempBuild|x86
		{097B6B08-4034-408A-B3C0-A12E8F9E8893}.Debug|Any CPU.ActiveCfg = Debug|Any CPU
		{097B6B08-4034-408A-B3C0-A12E8F9E8893}.Debug|Any CPU.Build.0 = Debug|Any CPU
		{097B6B08-4034-408A-B3C0-A12E8F9E8893}.Debug|Mixed Platforms.ActiveCfg = Debug|x86
		{097B6B08-4034-408A-B3C0-A12E8F9E8893}.Debug|Mixed Platforms.Build.0 = Debug|x86
		{097B6B08-4034-408A-B3C0-A12E8F9E8893}.Debug|Win32.ActiveCfg = Debug|x86
		{097B6B08-4034-408A-B3C0-A12E8F9E8893}.Debug|Win32.Build.0 = Debug|x86
		{097B6B08-4034-408A-B3C0-A12E8F9E8893}.Debug|x86.ActiveCfg = Debug|x86
		{097B6B08-4034-408A-B3C0-A12E8F9E8893}.Debug|x86.Build.0 = Debug|x86
		{097B6B08-4034-408A-B3C0-A12E8F9E8893}.Release|Any CPU.ActiveCfg = Release|Any CPU
		{097B6B08-4034-408A-B3C0-A12E8F9E8893}.Release|Any CPU.Build.0 = Release|Any CPU
		{097B6B08-4034-408A-B3C0-A12E8F9E8893}.Release|Mixed Platforms.ActiveCfg = Release|x86
		{097B6B08-4034-408A-B3C0-A12E8F9E8893}.Release|Mixed Platforms.Build.0 = Release|x86
		{097B6B08-4034-408A-B3C0-A12E8F9E8893}.Release|Win32.ActiveCfg = Release|x86
		{097B6B08-4034-408A-B3C0-A12E8F9E8893}.Release|Win32.Build.0 = Release|x86
		{097B6B08-4034-408A-B3C0-A12E8F9E8893}.Release|x86.ActiveCfg = Release|x86
		{097B6B08-4034-408A-B3C0-A12E8F9E8893}.Release|x86.Build.0 = Release|x86
		{ABF2ED7E-F5A9-4A4D-A983-3D356A126A02}.Console|Any CPU.ActiveCfg = Release|Any CPU
		{ABF2ED7E-F5A9-4A4D-A983-3D356A126A02}.Console|Any CPU.Build.0 = Release|Any CPU
		{ABF2ED7E-F5A9-4A4D-A983-3D356A126A02}.Console|Mixed Platforms.ActiveCfg = Release|Any CPU
		{ABF2ED7E-F5A9-4A4D-A983-3D356A126A02}.Console|Mixed Platforms.Build.0 = Release|Any CPU
		{ABF2ED7E-F5A9-4A4D-A983-3D356A126A02}.Console|Win32.ActiveCfg = Release|Any CPU
		{ABF2ED7E-F5A9-4A4D-A983-3D356A126A02}.Console|x86.ActiveCfg = Release|Any CPU
		{ABF2ED7E-F5A9-4A4D-A983-3D356A126A02}.Debug|Any CPU.ActiveCfg = Debug|Any CPU
		{ABF2ED7E-F5A9-4A4D-A983-3D356A126A02}.Debug|Any CPU.Build.0 = Debug|Any CPU
		{ABF2ED7E-F5A9-4A4D-A983-3D356A126A02}.Debug|Mixed Platforms.ActiveCfg = Debug|Any CPU
		{ABF2ED7E-F5A9-4A4D-A983-3D356A126A02}.Debug|Mixed Platforms.Build.0 = Debug|Any CPU
		{ABF2ED7E-F5A9-4A4D-A983-3D356A126A02}.Debug|Win32.ActiveCfg = Debug|Any CPU
		{ABF2ED7E-F5A9-4A4D-A983-3D356A126A02}.Debug|x86.ActiveCfg = Debug|Any CPU
		{ABF2ED7E-F5A9-4A4D-A983-3D356A126A02}.Release|Any CPU.ActiveCfg = Release|Any CPU
		{ABF2ED7E-F5A9-4A4D-A983-3D356A126A02}.Release|Any CPU.Build.0 = Release|Any CPU
		{ABF2ED7E-F5A9-4A4D-A983-3D356A126A02}.Release|Mixed Platforms.ActiveCfg = Release|Any CPU
		{ABF2ED7E-F5A9-4A4D-A983-3D356A126A02}.Release|Mixed Platforms.Build.0 = Release|Any CPU
		{ABF2ED7E-F5A9-4A4D-A983-3D356A126A02}.Release|Win32.ActiveCfg = Release|Any CPU
		{ABF2ED7E-F5A9-4A4D-A983-3D356A126A02}.Release|x86.ActiveCfg = Release|Any CPU
		{9699E719-25FA-41DF-B966-B43CF50F9B00}.Console|Any CPU.ActiveCfg = Release|Any CPU
		{9699E719-25FA-41DF-B966-B43CF50F9B00}.Console|Any CPU.Build.0 = Release|Any CPU
		{9699E719-25FA-41DF-B966-B43CF50F9B00}.Console|Mixed Platforms.ActiveCfg = Release|Any CPU
		{9699E719-25FA-41DF-B966-B43CF50F9B00}.Console|Mixed Platforms.Build.0 = Release|Any CPU
		{9699E719-25FA-41DF-B966-B43CF50F9B00}.Console|Win32.ActiveCfg = Release|Any CPU
		{9699E719-25FA-41DF-B966-B43CF50F9B00}.Console|x86.ActiveCfg = Release|Any CPU
		{9699E719-25FA-41DF-B966-B43CF50F9B00}.Debug|Any CPU.ActiveCfg = Debug|Any CPU
		{9699E719-25FA-41DF-B966-B43CF50F9B00}.Debug|Any CPU.Build.0 = Debug|Any CPU
		{9699E719-25FA-41DF-B966-B43CF50F9B00}.Debug|Mixed Platforms.ActiveCfg = Debug|Any CPU
		{9699E719-25FA-41DF-B966-B43CF50F9B00}.Debug|Mixed Platforms.Build.0 = Debug|Any CPU
		{9699E719-25FA-41DF-B966-B43CF50F9B00}.Debug|Win32.ActiveCfg = Debug|Any CPU
		{9699E719-25FA-41DF-B966-B43CF50F9B00}.Debug|x86.ActiveCfg = Debug|Any CPU
		{9699E719-25FA-41DF-B966-B43CF50F9B00}.Release|Any CPU.ActiveCfg = Release|Any CPU
		{9699E719-25FA-41DF-B966-B43CF50F9B00}.Release|Any CPU.Build.0 = Release|Any CPU
		{9699E719-25FA-41DF-B966-B43CF50F9B00}.Release|Mixed Platforms.ActiveCfg = Release|Any CPU
		{9699E719-25FA-41DF-B966-B43CF50F9B00}.Release|Mixed Platforms.Build.0 = Release|Any CPU
		{9699E719-25FA-41DF-B966-B43CF50F9B00}.Release|Win32.ActiveCfg = Release|Any CPU
		{9699E719-25FA-41DF-B966-B43CF50F9B00}.Release|x86.ActiveCfg = Release|Any CPU
		{EA2EFC04-2ADC-4B82-AB97-424A043A590F}.Console|Any CPU.ActiveCfg = Release|Any CPU
		{EA2EFC04-2ADC-4B82-AB97-424A043A590F}.Console|Any CPU.Build.0 = Release|Any CPU
		{EA2EFC04-2ADC-4B82-AB97-424A043A590F}.Console|Mixed Platforms.ActiveCfg = Release|Any CPU
		{EA2EFC04-2ADC-4B82-AB97-424A043A590F}.Console|Mixed Platforms.Build.0 = Release|Any CPU
		{EA2EFC04-2ADC-4B82-AB97-424A043A590F}.Console|Win32.ActiveCfg = Release|Any CPU
		{EA2EFC04-2ADC-4B82-AB97-424A043A590F}.Console|x86.ActiveCfg = Release|Any CPU
		{EA2EFC04-2ADC-4B82-AB97-424A043A590F}.Debug|Any CPU.ActiveCfg = Debug|Any CPU
		{EA2EFC04-2ADC-4B82-AB97-424A043A590F}.Debug|Any CPU.Build.0 = Debug|Any CPU
		{EA2EFC04-2ADC-4B82-AB97-424A043A590F}.Debug|Mixed Platforms.ActiveCfg = Debug|Any CPU
		{EA2EFC04-2ADC-4B82-AB97-424A043A590F}.Debug|Mixed Platforms.Build.0 = Debug|Any CPU
		{EA2EFC04-2ADC-4B82-AB97-424A043A590F}.Debug|Win32.ActiveCfg = Debug|Any CPU
		{EA2EFC04-2ADC-4B82-AB97-424A043A590F}.Debug|x86.ActiveCfg = Debug|Any CPU
		{EA2EFC04-2ADC-4B82-AB97-424A043A590F}.Release|Any CPU.ActiveCfg = Release|Any CPU
		{EA2EFC04-2ADC-4B82-AB97-424A043A590F}.Release|Any CPU.Build.0 = Release|Any CPU
		{EA2EFC04-2ADC-4B82-AB97-424A043A590F}.Release|Mixed Platforms.ActiveCfg = Release|Any CPU
		{EA2EFC04-2ADC-4B82-AB97-424A043A590F}.Release|Mixed Platforms.Build.0 = Release|Any CPU
		{EA2EFC04-2ADC-4B82-AB97-424A043A590F}.Release|Win32.ActiveCfg = Release|Any CPU
		{EA2EFC04-2ADC-4B82-AB97-424A043A590F}.Release|x86.ActiveCfg = Release|Any CPU
		{747797D1-8A0B-4644-96B0-78D484EBC8B6}.Console|Any CPU.ActiveCfg = Release|Any CPU
		{747797D1-8A0B-4644-96B0-78D484EBC8B6}.Console|Any CPU.Build.0 = Release|Any CPU
		{747797D1-8A0B-4644-96B0-78D484EBC8B6}.Console|Mixed Platforms.ActiveCfg = Release|Any CPU
		{747797D1-8A0B-4644-96B0-78D484EBC8B6}.Console|Mixed Platforms.Build.0 = Release|Any CPU
		{747797D1-8A0B-4644-96B0-78D484EBC8B6}.Console|Win32.ActiveCfg = Release|Any CPU
		{747797D1-8A0B-4644-96B0-78D484EBC8B6}.Console|x86.ActiveCfg = Release|Any CPU
		{747797D1-8A0B-4644-96B0-78D484EBC8B6}.Debug|Any CPU.ActiveCfg = Debug|Any CPU
		{747797D1-8A0B-4644-96B0-78D484EBC8B6}.Debug|Any CPU.Build.0 = Debug|Any CPU
		{747797D1-8A0B-4644-96B0-78D484EBC8B6}.Debug|Mixed Platforms.ActiveCfg = Debug|Any CPU
		{747797D1-8A0B-4644-96B0-78D484EBC8B6}.Debug|Mixed Platforms.Build.0 = Debug|Any CPU
		{747797D1-8A0B-4644-96B0-78D484EBC8B6}.Debug|Win32.ActiveCfg = Debug|Any CPU
		{747797D1-8A0B-4644-96B0-78D484EBC8B6}.Debug|x86.ActiveCfg = Debug|Any CPU
		{747797D1-8A0B-4644-96B0-78D484EBC8B6}.Release|Any CPU.ActiveCfg = Release|Any CPU
		{747797D1-8A0B-4644-96B0-78D484EBC8B6}.Release|Any CPU.Build.0 = Release|Any CPU
		{747797D1-8A0B-4644-96B0-78D484EBC8B6}.Release|Mixed Platforms.ActiveCfg = Release|Any CPU
		{747797D1-8A0B-4644-96B0-78D484EBC8B6}.Release|Mixed Platforms.Build.0 = Release|Any CPU
		{747797D1-8A0B-4644-96B0-78D484EBC8B6}.Release|Win32.ActiveCfg = Release|Any CPU
		{747797D1-8A0B-4644-96B0-78D484EBC8B6}.Release|x86.ActiveCfg = Release|Any CPU
		{1C6D9EC6-2C67-46D3-92B5-A0059E1D305E}.Console|Any CPU.ActiveCfg = Release|Any CPU
		{1C6D9EC6-2C67-46D3-92B5-A0059E1D305E}.Console|Any CPU.Build.0 = Release|Any CPU
		{1C6D9EC6-2C67-46D3-92B5-A0059E1D305E}.Console|Mixed Platforms.ActiveCfg = Release|Any CPU
		{1C6D9EC6-2C67-46D3-92B5-A0059E1D305E}.Console|Mixed Platforms.Build.0 = Release|Any CPU
		{1C6D9EC6-2C67-46D3-92B5-A0059E1D305E}.Console|Win32.ActiveCfg = Release|Any CPU
		{1C6D9EC6-2C67-46D3-92B5-A0059E1D305E}.Console|x86.ActiveCfg = Release|Any CPU
		{1C6D9EC6-2C67-46D3-92B5-A0059E1D305E}.Debug|Any CPU.ActiveCfg = Debug|Any CPU
		{1C6D9EC6-2C67-46D3-92B5-A0059E1D305E}.Debug|Any CPU.Build.0 = Debug|Any CPU
		{1C6D9EC6-2C67-46D3-92B5-A0059E1D305E}.Debug|Mixed Platforms.ActiveCfg = Debug|Any CPU
		{1C6D9EC6-2C67-46D3-92B5-A0059E1D305E}.Debug|Mixed Platforms.Build.0 = Debug|Any CPU
		{1C6D9EC6-2C67-46D3-92B5-A0059E1D305E}.Debug|Win32.ActiveCfg = Debug|Any CPU
		{1C6D9EC6-2C67-46D3-92B5-A0059E1D305E}.Debug|x86.ActiveCfg = Debug|Any CPU
		{1C6D9EC6-2C67-46D3-92B5-A0059E1D305E}.Release|Any CPU.ActiveCfg = Release|Any CPU
		{1C6D9EC6-2C67-46D3-92B5-A0059E1D305E}.Release|Any CPU.Build.0 = Release|Any CPU
		{1C6D9EC6-2C67-46D3-92B5-A0059E1D305E}.Release|Mixed Platforms.ActiveCfg = Release|Any CPU
		{1C6D9EC6-2C67-46D3-92B5-A0059E1D305E}.Release|Mixed Platforms.Build.0 = Release|Any CPU
		{1C6D9EC6-2C67-46D3-92B5-A0059E1D305E}.Release|Win32.ActiveCfg = Release|Any CPU
		{1C6D9EC6-2C67-46D3-92B5-A0059E1D305E}.Release|x86.ActiveCfg = Release|Any CPU
		{DF2D0693-EC29-4BFF-A32D-C11F6D509B52}.Console|Any CPU.ActiveCfg = Release|Any CPU
		{DF2D0693-EC29-4BFF-A32D-C11F6D509B52}.Console|Any CPU.Build.0 = Release|Any CPU
		{DF2D0693-EC29-4BFF-A32D-C11F6D509B52}.Console|Mixed Platforms.ActiveCfg = Release|Any CPU
		{DF2D0693-EC29-4BFF-A32D-C11F6D509B52}.Console|Mixed Platforms.Build.0 = Release|Any CPU
		{DF2D0693-EC29-4BFF-A32D-C11F6D509B52}.Console|Win32.ActiveCfg = Release|Any CPU
		{DF2D0693-EC29-4BFF-A32D-C11F6D509B52}.Console|x86.ActiveCfg = Release|Any CPU
		{DF2D0693-EC29-4BFF-A32D-C11F6D509B52}.Debug|Any CPU.ActiveCfg = Debug|Any CPU
		{DF2D0693-EC29-4BFF-A32D-C11F6D509B52}.Debug|Any CPU.Build.0 = Debug|Any CPU
		{DF2D0693-EC29-4BFF-A32D-C11F6D509B52}.Debug|Mixed Platforms.ActiveCfg = Debug|Any CPU
		{DF2D0693-EC29-4BFF-A32D-C11F6D509B52}.Debug|Mixed Platforms.Build.0 = Debug|Any CPU
		{DF2D0693-EC29-4BFF-A32D-C11F6D509B52}.Debug|Win32.ActiveCfg = Debug|Any CPU
		{DF2D0693-EC29-4BFF-A32D-C11F6D509B52}.Debug|x86.ActiveCfg = Debug|Any CPU
		{DF2D0693-EC29-4BFF-A32D-C11F6D509B52}.Release|Any CPU.ActiveCfg = Release|Any CPU
		{DF2D0693-EC29-4BFF-A32D-C11F6D509B52}.Release|Any CPU.Build.0 = Release|Any CPU
		{DF2D0693-EC29-4BFF-A32D-C11F6D509B52}.Release|Mixed Platforms.ActiveCfg = Release|Any CPU
		{DF2D0693-EC29-4BFF-A32D-C11F6D509B52}.Release|Mixed Platforms.Build.0 = Release|Any CPU
		{DF2D0693-EC29-4BFF-A32D-C11F6D509B52}.Release|Win32.ActiveCfg = Release|Any CPU
		{DF2D0693-EC29-4BFF-A32D-C11F6D509B52}.Release|x86.ActiveCfg = Release|Any CPU
		{959ADDA0-D08F-4238-B0A8-A9C715A9DB3A}.Console|Any CPU.ActiveCfg = Release|Any CPU
		{959ADDA0-D08F-4238-B0A8-A9C715A9DB3A}.Console|Any CPU.Build.0 = Release|Any CPU
		{959ADDA0-D08F-4238-B0A8-A9C715A9DB3A}.Console|Mixed Platforms.ActiveCfg = Release|Any CPU
		{959ADDA0-D08F-4238-B0A8-A9C715A9DB3A}.Console|Mixed Platforms.Build.0 = Release|Any CPU
		{959ADDA0-D08F-4238-B0A8-A9C715A9DB3A}.Console|Win32.ActiveCfg = Release|Any CPU
		{959ADDA0-D08F-4238-B0A8-A9C715A9DB3A}.Console|x86.ActiveCfg = Release|Any CPU
		{959ADDA0-D08F-4238-B0A8-A9C715A9DB3A}.Debug|Any CPU.ActiveCfg = Debug|Any CPU
		{959ADDA0-D08F-4238-B0A8-A9C715A9DB3A}.Debug|Any CPU.Build.0 = Debug|Any CPU
		{959ADDA0-D08F-4238-B0A8-A9C715A9DB3A}.Debug|Mixed Platforms.ActiveCfg = Debug|Any CPU
		{959ADDA0-D08F-4238-B0A8-A9C715A9DB3A}.Debug|Mixed Platforms.Build.0 = Debug|Any CPU
		{959ADDA0-D08F-4238-B0A8-A9C715A9DB3A}.Debug|Win32.ActiveCfg = Debug|Any CPU
		{959ADDA0-D08F-4238-B0A8-A9C715A9DB3A}.Debug|x86.ActiveCfg = Debug|Any CPU
		{959ADDA0-D08F-4238-B0A8-A9C715A9DB3A}.Release|Any CPU.ActiveCfg = Release|Any CPU
		{959ADDA0-D08F-4238-B0A8-A9C715A9DB3A}.Release|Any CPU.Build.0 = Release|Any CPU
		{959ADDA0-D08F-4238-B0A8-A9C715A9DB3A}.Release|Mixed Platforms.ActiveCfg = Release|Any CPU
		{959ADDA0-D08F-4238-B0A8-A9C715A9DB3A}.Release|Mixed Platforms.Build.0 = Release|Any CPU
		{959ADDA0-D08F-4238-B0A8-A9C715A9DB3A}.Release|Win32.ActiveCfg = Release|Any CPU
		{959ADDA0-D08F-4238-B0A8-A9C715A9DB3A}.Release|x86.ActiveCfg = Release|Any CPU
		{2F26CB57-5F3B-4EDF-BD9B-1CADAC3FA981}.Console|Any CPU.ActiveCfg = Release|Any CPU
		{2F26CB57-5F3B-4EDF-BD9B-1CADAC3FA981}.Console|Any CPU.Build.0 = Release|Any CPU
		{2F26CB57-5F3B-4EDF-BD9B-1CADAC3FA981}.Console|Mixed Platforms.ActiveCfg = Release|Any CPU
		{2F26CB57-5F3B-4EDF-BD9B-1CADAC3FA981}.Console|Mixed Platforms.Build.0 = Release|Any CPU
		{2F26CB57-5F3B-4EDF-BD9B-1CADAC3FA981}.Console|Win32.ActiveCfg = Release|Any CPU
		{2F26CB57-5F3B-4EDF-BD9B-1CADAC3FA981}.Console|x86.ActiveCfg = Release|Any CPU
		{2F26CB57-5F3B-4EDF-BD9B-1CADAC3FA981}.Debug|Any CPU.ActiveCfg = Debug|Any CPU
		{2F26CB57-5F3B-4EDF-BD9B-1CADAC3FA981}.Debug|Any CPU.Build.0 = Debug|Any CPU
		{2F26CB57-5F3B-4EDF-BD9B-1CADAC3FA981}.Debug|Mixed Platforms.ActiveCfg = Debug|Any CPU
		{2F26CB57-5F3B-4EDF-BD9B-1CADAC3FA981}.Debug|Mixed Platforms.Build.0 = Debug|Any CPU
		{2F26CB57-5F3B-4EDF-BD9B-1CADAC3FA981}.Debug|Win32.ActiveCfg = Debug|Any CPU
		{2F26CB57-5F3B-4EDF-BD9B-1CADAC3FA981}.Debug|x86.ActiveCfg = Debug|Any CPU
		{2F26CB57-5F3B-4EDF-BD9B-1CADAC3FA981}.Release|Any CPU.ActiveCfg = Release|Any CPU
		{2F26CB57-5F3B-4EDF-BD9B-1CADAC3FA981}.Release|Any CPU.Build.0 = Release|Any CPU
		{2F26CB57-5F3B-4EDF-BD9B-1CADAC3FA981}.Release|Mixed Platforms.ActiveCfg = Release|Any CPU
		{2F26CB57-5F3B-4EDF-BD9B-1CADAC3FA981}.Release|Mixed Platforms.Build.0 = Release|Any CPU
		{2F26CB57-5F3B-4EDF-BD9B-1CADAC3FA981}.Release|Win32.ActiveCfg = Release|Any CPU
		{2F26CB57-5F3B-4EDF-BD9B-1CADAC3FA981}.Release|x86.ActiveCfg = Release|Any CPU
		{240FD585-1142-4395-A88F-7B9497A9B828}.Console|Any CPU.ActiveCfg = Release|Any CPU
		{240FD585-1142-4395-A88F-7B9497A9B828}.Console|Any CPU.Build.0 = Release|Any CPU
		{240FD585-1142-4395-A88F-7B9497A9B828}.Console|Mixed Platforms.ActiveCfg = Release|Any CPU
		{240FD585-1142-4395-A88F-7B9497A9B828}.Console|Mixed Platforms.Build.0 = Release|Any CPU
		{240FD585-1142-4395-A88F-7B9497A9B828}.Console|Win32.ActiveCfg = Release|Any CPU
		{240FD585-1142-4395-A88F-7B9497A9B828}.Console|x86.ActiveCfg = Release|Any CPU
		{240FD585-1142-4395-A88F-7B9497A9B828}.Debug|Any CPU.ActiveCfg = Debug|Any CPU
		{240FD585-1142-4395-A88F-7B9497A9B828}.Debug|Any CPU.Build.0 = Debug|Any CPU
		{240FD585-1142-4395-A88F-7B9497A9B828}.Debug|Mixed Platforms.ActiveCfg = Debug|Any CPU
		{240FD585-1142-4395-A88F-7B9497A9B828}.Debug|Mixed Platforms.Build.0 = Debug|Any CPU
		{240FD585-1142-4395-A88F-7B9497A9B828}.Debug|Win32.ActiveCfg = Debug|Any CPU
		{240FD585-1142-4395-A88F-7B9497A9B828}.Debug|x86.ActiveCfg = Debug|Any CPU
		{240FD585-1142-4395-A88F-7B9497A9B828}.Release|Any CPU.ActiveCfg = Release|Any CPU
		{240FD585-1142-4395-A88F-7B9497A9B828}.Release|Any CPU.Build.0 = Release|Any CPU
		{240FD585-1142-4395-A88F-7B9497A9B828}.Release|Mixed Platforms.ActiveCfg = Release|Any CPU
		{240FD585-1142-4395-A88F-7B9497A9B828}.Release|Mixed Platforms.Build.0 = Release|Any CPU
		{240FD585-1142-4395-A88F-7B9497A9B828}.Release|Win32.ActiveCfg = Release|Any CPU
		{240FD585-1142-4395-A88F-7B9497A9B828}.Release|x86.ActiveCfg = Release|Any CPU
		{0759F916-00B7-4A23-847A-A12E19DD2777}.Console|Any CPU.ActiveCfg = Release|Any CPU
		{0759F916-00B7-4A23-847A-A12E19DD2777}.Console|Any CPU.Build.0 = Release|Any CPU
		{0759F916-00B7-4A23-847A-A12E19DD2777}.Console|Mixed Platforms.ActiveCfg = Release|Any CPU
		{0759F916-00B7-4A23-847A-A12E19DD2777}.Console|Mixed Platforms.Build.0 = Release|Any CPU
		{0759F916-00B7-4A23-847A-A12E19DD2777}.Console|Win32.ActiveCfg = Release|Any CPU
		{0759F916-00B7-4A23-847A-A12E19DD2777}.Console|x86.ActiveCfg = Release|Any CPU
		{0759F916-00B7-4A23-847A-A12E19DD2777}.Debug|Any CPU.ActiveCfg = Debug|Any CPU
		{0759F916-00B7-4A23-847A-A12E19DD2777}.Debug|Any CPU.Build.0 = Debug|Any CPU
		{0759F916-00B7-4A23-847A-A12E19DD2777}.Debug|Mixed Platforms.ActiveCfg = Debug|Any CPU
		{0759F916-00B7-4A23-847A-A12E19DD2777}.Debug|Mixed Platforms.Build.0 = Debug|Any CPU
		{0759F916-00B7-4A23-847A-A12E19DD2777}.Debug|Win32.ActiveCfg = Debug|Any CPU
		{0759F916-00B7-4A23-847A-A12E19DD2777}.Debug|x86.ActiveCfg = Debug|Any CPU
		{0759F916-00B7-4A23-847A-A12E19DD2777}.Release|Any CPU.ActiveCfg = Release|Any CPU
		{0759F916-00B7-4A23-847A-A12E19DD2777}.Release|Any CPU.Build.0 = Release|Any CPU
		{0759F916-00B7-4A23-847A-A12E19DD2777}.Release|Mixed Platforms.ActiveCfg = Release|Any CPU
		{0759F916-00B7-4A23-847A-A12E19DD2777}.Release|Mixed Platforms.Build.0 = Release|Any CPU
		{0759F916-00B7-4A23-847A-A12E19DD2777}.Release|Win32.ActiveCfg = Release|Any CPU
		{0759F916-00B7-4A23-847A-A12E19DD2777}.Release|x86.ActiveCfg = Release|Any CPU
		{6D00D055-8C83-4616-B56E-357665DCC73F}.Console|Any CPU.ActiveCfg = Release|Any CPU
		{6D00D055-8C83-4616-B56E-357665DCC73F}.Console|Any CPU.Build.0 = Release|Any CPU
		{6D00D055-8C83-4616-B56E-357665DCC73F}.Console|Mixed Platforms.ActiveCfg = Release|Any CPU
		{6D00D055-8C83-4616-B56E-357665DCC73F}.Console|Mixed Platforms.Build.0 = Release|Any CPU
		{6D00D055-8C83-4616-B56E-357665DCC73F}.Console|Win32.ActiveCfg = Release|Any CPU
		{6D00D055-8C83-4616-B56E-357665DCC73F}.Console|x86.ActiveCfg = Release|Any CPU
		{6D00D055-8C83-4616-B56E-357665DCC73F}.Debug|Any CPU.ActiveCfg = Debug|Any CPU
		{6D00D055-8C83-4616-B56E-357665DCC73F}.Debug|Any CPU.Build.0 = Debug|Any CPU
		{6D00D055-8C83-4616-B56E-357665DCC73F}.Debug|Mixed Platforms.ActiveCfg = Debug|Any CPU
		{6D00D055-8C83-4616-B56E-357665DCC73F}.Debug|Mixed Platforms.Build.0 = Debug|Any CPU
		{6D00D055-8C83-4616-B56E-357665DCC73F}.Debug|Win32.ActiveCfg = Debug|Any CPU
		{6D00D055-8C83-4616-B56E-357665DCC73F}.Debug|x86.ActiveCfg = Debug|Any CPU
		{6D00D055-8C83-4616-B56E-357665DCC73F}.Release|Any CPU.ActiveCfg = Release|Any CPU
		{6D00D055-8C83-4616-B56E-357665DCC73F}.Release|Any CPU.Build.0 = Release|Any CPU
		{6D00D055-8C83-4616-B56E-357665DCC73F}.Release|Mixed Platforms.ActiveCfg = Release|Any CPU
		{6D00D055-8C83-4616-B56E-357665DCC73F}.Release|Mixed Platforms.Build.0 = Release|Any CPU
		{6D00D055-8C83-4616-B56E-357665DCC73F}.Release|Win32.ActiveCfg = Release|Any CPU
		{6D00D055-8C83-4616-B56E-357665DCC73F}.Release|x86.ActiveCfg = Release|Any CPU
		{FC2ED8AC-0D8B-45C3-82B1-E47F3D20833E}.Console|Any CPU.ActiveCfg = Release|Any CPU
		{FC2ED8AC-0D8B-45C3-82B1-E47F3D20833E}.Console|Any CPU.Build.0 = Release|Any CPU
		{FC2ED8AC-0D8B-45C3-82B1-E47F3D20833E}.Console|Mixed Platforms.ActiveCfg = Release|Any CPU
		{FC2ED8AC-0D8B-45C3-82B1-E47F3D20833E}.Console|Mixed Platforms.Build.0 = Release|Any CPU
		{FC2ED8AC-0D8B-45C3-82B1-E47F3D20833E}.Console|Win32.ActiveCfg = Release|Any CPU
		{FC2ED8AC-0D8B-45C3-82B1-E47F3D20833E}.Console|x86.ActiveCfg = Release|Any CPU
		{FC2ED8AC-0D8B-45C3-82B1-E47F3D20833E}.Debug|Any CPU.ActiveCfg = Debug|Any CPU
		{FC2ED8AC-0D8B-45C3-82B1-E47F3D20833E}.Debug|Any CPU.Build.0 = Debug|Any CPU
		{FC2ED8AC-0D8B-45C3-82B1-E47F3D20833E}.Debug|Mixed Platforms.ActiveCfg = Debug|Any CPU
		{FC2ED8AC-0D8B-45C3-82B1-E47F3D20833E}.Debug|Mixed Platforms.Build.0 = Debug|Any CPU
		{FC2ED8AC-0D8B-45C3-82B1-E47F3D20833E}.Debug|Win32.ActiveCfg = Debug|Any CPU
		{FC2ED8AC-0D8B-45C3-82B1-E47F3D20833E}.Debug|x86.ActiveCfg = Debug|Any CPU
		{FC2ED8AC-0D8B-45C3-82B1-E47F3D20833E}.Release|Any CPU.ActiveCfg = Release|Any CPU
		{FC2ED8AC-0D8B-45C3-82B1-E47F3D20833E}.Release|Any CPU.Build.0 = Release|Any CPU
		{FC2ED8AC-0D8B-45C3-82B1-E47F3D20833E}.Release|Mixed Platforms.ActiveCfg = Release|Any CPU
		{FC2ED8AC-0D8B-45C3-82B1-E47F3D20833E}.Release|Mixed Platforms.Build.0 = Release|Any CPU
		{FC2ED8AC-0D8B-45C3-82B1-E47F3D20833E}.Release|Win32.ActiveCfg = Release|Any CPU
		{FC2ED8AC-0D8B-45C3-82B1-E47F3D20833E}.Release|x86.ActiveCfg = Release|Any CPU
		{C4B98A85-F3B6-43FE-AF0A-16E34E63E238}.Console|Any CPU.ActiveCfg = Release|Any CPU
		{C4B98A85-F3B6-43FE-AF0A-16E34E63E238}.Console|Any CPU.Build.0 = Release|Any CPU
		{C4B98A85-F3B6-43FE-AF0A-16E34E63E238}.Console|Mixed Platforms.ActiveCfg = Release|Any CPU
		{C4B98A85-F3B6-43FE-AF0A-16E34E63E238}.Console|Mixed Platforms.Build.0 = Release|Any CPU
		{C4B98A85-F3B6-43FE-AF0A-16E34E63E238}.Console|Win32.ActiveCfg = Release|Any CPU
		{C4B98A85-F3B6-43FE-AF0A-16E34E63E238}.Console|x86.ActiveCfg = Release|Any CPU
		{C4B98A85-F3B6-43FE-AF0A-16E34E63E238}.Debug|Any CPU.ActiveCfg = Debug|Any CPU
		{C4B98A85-F3B6-43FE-AF0A-16E34E63E238}.Debug|Any CPU.Build.0 = Debug|Any CPU
		{C4B98A85-F3B6-43FE-AF0A-16E34E63E238}.Debug|Mixed Platforms.ActiveCfg = Debug|Any CPU
		{C4B98A85-F3B6-43FE-AF0A-16E34E63E238}.Debug|Mixed Platforms.Build.0 = Debug|Any CPU
		{C4B98A85-F3B6-43FE-AF0A-16E34E63E238}.Debug|Win32.ActiveCfg = Debug|Any CPU
		{C4B98A85-F3B6-43FE-AF0A-16E34E63E238}.Debug|x86.ActiveCfg = Debug|Any CPU
		{C4B98A85-F3B6-43FE-AF0A-16E34E63E238}.Release|Any CPU.ActiveCfg = Release|Any CPU
		{C4B98A85-F3B6-43FE-AF0A-16E34E63E238}.Release|Any CPU.Build.0 = Release|Any CPU
		{C4B98A85-F3B6-43FE-AF0A-16E34E63E238}.Release|Mixed Platforms.ActiveCfg = Release|Any CPU
		{C4B98A85-F3B6-43FE-AF0A-16E34E63E238}.Release|Mixed Platforms.Build.0 = Release|Any CPU
		{C4B98A85-F3B6-43FE-AF0A-16E34E63E238}.Release|Win32.ActiveCfg = Release|Any CPU
		{C4B98A85-F3B6-43FE-AF0A-16E34E63E238}.Release|x86.ActiveCfg = Release|Any CPU
		{0EEFC1AB-19DD-4A3A-A5E7-12C566D3761B}.Console|Any CPU.ActiveCfg = Release|Any CPU
		{0EEFC1AB-19DD-4A3A-A5E7-12C566D3761B}.Console|Any CPU.Build.0 = Release|Any CPU
		{0EEFC1AB-19DD-4A3A-A5E7-12C566D3761B}.Console|Mixed Platforms.ActiveCfg = Release|Any CPU
		{0EEFC1AB-19DD-4A3A-A5E7-12C566D3761B}.Console|Mixed Platforms.Build.0 = Release|Any CPU
		{0EEFC1AB-19DD-4A3A-A5E7-12C566D3761B}.Console|Win32.ActiveCfg = Release|Any CPU
		{0EEFC1AB-19DD-4A3A-A5E7-12C566D3761B}.Console|x86.ActiveCfg = Release|Any CPU
		{0EEFC1AB-19DD-4A3A-A5E7-12C566D3761B}.Debug|Any CPU.ActiveCfg = Debug|Any CPU
		{0EEFC1AB-19DD-4A3A-A5E7-12C566D3761B}.Debug|Any CPU.Build.0 = Debug|Any CPU
		{0EEFC1AB-19DD-4A3A-A5E7-12C566D3761B}.Debug|Mixed Platforms.ActiveCfg = Debug|Any CPU
		{0EEFC1AB-19DD-4A3A-A5E7-12C566D3761B}.Debug|Mixed Platforms.Build.0 = Debug|Any CPU
		{0EEFC1AB-19DD-4A3A-A5E7-12C566D3761B}.Debug|Win32.ActiveCfg = Debug|Any CPU
		{0EEFC1AB-19DD-4A3A-A5E7-12C566D3761B}.Debug|x86.ActiveCfg = Debug|Any CPU
		{0EEFC1AB-19DD-4A3A-A5E7-12C566D3761B}.Release|Any CPU.ActiveCfg = Release|Any CPU
		{0EEFC1AB-19DD-4A3A-A5E7-12C566D3761B}.Release|Any CPU.Build.0 = Release|Any CPU
		{0EEFC1AB-19DD-4A3A-A5E7-12C566D3761B}.Release|Mixed Platforms.ActiveCfg = Release|Any CPU
		{0EEFC1AB-19DD-4A3A-A5E7-12C566D3761B}.Release|Mixed Platforms.Build.0 = Release|Any CPU
		{0EEFC1AB-19DD-4A3A-A5E7-12C566D3761B}.Release|Win32.ActiveCfg = Release|Any CPU
		{0EEFC1AB-19DD-4A3A-A5E7-12C566D3761B}.Release|x86.ActiveCfg = Release|Any CPU
		{9C5CFADB-05A2-4BCD-9490-E5DEB1CF0490}.Console|Any CPU.ActiveCfg = Release|Any CPU
		{9C5CFADB-05A2-4BCD-9490-E5DEB1CF0490}.Console|Any CPU.Build.0 = Release|Any CPU
		{9C5CFADB-05A2-4BCD-9490-E5DEB1CF0490}.Console|Mixed Platforms.ActiveCfg = Release|Any CPU
		{9C5CFADB-05A2-4BCD-9490-E5DEB1CF0490}.Console|Mixed Platforms.Build.0 = Release|Any CPU
		{9C5CFADB-05A2-4BCD-9490-E5DEB1CF0490}.Console|Win32.ActiveCfg = Release|Any CPU
		{9C5CFADB-05A2-4BCD-9490-E5DEB1CF0490}.Console|x86.ActiveCfg = Release|Any CPU
		{9C5CFADB-05A2-4BCD-9490-E5DEB1CF0490}.Debug|Any CPU.ActiveCfg = Debug|Any CPU
		{9C5CFADB-05A2-4BCD-9490-E5DEB1CF0490}.Debug|Any CPU.Build.0 = Debug|Any CPU
		{9C5CFADB-05A2-4BCD-9490-E5DEB1CF0490}.Debug|Mixed Platforms.ActiveCfg = Debug|Any CPU
		{9C5CFADB-05A2-4BCD-9490-E5DEB1CF0490}.Debug|Mixed Platforms.Build.0 = Debug|Any CPU
		{9C5CFADB-05A2-4BCD-9490-E5DEB1CF0490}.Debug|Win32.ActiveCfg = Debug|Any CPU
		{9C5CFADB-05A2-4BCD-9490-E5DEB1CF0490}.Debug|x86.ActiveCfg = Debug|Any CPU
		{9C5CFADB-05A2-4BCD-9490-E5DEB1CF0490}.Release|Any CPU.ActiveCfg = Release|Any CPU
		{9C5CFADB-05A2-4BCD-9490-E5DEB1CF0490}.Release|Any CPU.Build.0 = Release|Any CPU
		{9C5CFADB-05A2-4BCD-9490-E5DEB1CF0490}.Release|Mixed Platforms.ActiveCfg = Release|Any CPU
		{9C5CFADB-05A2-4BCD-9490-E5DEB1CF0490}.Release|Mixed Platforms.Build.0 = Release|Any CPU
		{9C5CFADB-05A2-4BCD-9490-E5DEB1CF0490}.Release|Win32.ActiveCfg = Release|Any CPU
		{9C5CFADB-05A2-4BCD-9490-E5DEB1CF0490}.Release|x86.ActiveCfg = Release|Any CPU
		{65054C16-4C56-4F57-A8C1-F325B9320803}.Console|Any CPU.ActiveCfg = Release|Any CPU
		{65054C16-4C56-4F57-A8C1-F325B9320803}.Console|Any CPU.Build.0 = Release|Any CPU
		{65054C16-4C56-4F57-A8C1-F325B9320803}.Console|Mixed Platforms.ActiveCfg = Release|Any CPU
		{65054C16-4C56-4F57-A8C1-F325B9320803}.Console|Mixed Platforms.Build.0 = Release|Any CPU
		{65054C16-4C56-4F57-A8C1-F325B9320803}.Console|Win32.ActiveCfg = Release|Any CPU
		{65054C16-4C56-4F57-A8C1-F325B9320803}.Console|x86.ActiveCfg = Release|Any CPU
		{65054C16-4C56-4F57-A8C1-F325B9320803}.Debug|Any CPU.ActiveCfg = Debug|Any CPU
		{65054C16-4C56-4F57-A8C1-F325B9320803}.Debug|Any CPU.Build.0 = Debug|Any CPU
		{65054C16-4C56-4F57-A8C1-F325B9320803}.Debug|Mixed Platforms.ActiveCfg = Debug|Any CPU
		{65054C16-4C56-4F57-A8C1-F325B9320803}.Debug|Mixed Platforms.Build.0 = Debug|Any CPU
		{65054C16-4C56-4F57-A8C1-F325B9320803}.Debug|Win32.ActiveCfg = Debug|Any CPU
		{65054C16-4C56-4F57-A8C1-F325B9320803}.Debug|x86.ActiveCfg = Debug|Any CPU
		{65054C16-4C56-4F57-A8C1-F325B9320803}.Release|Any CPU.ActiveCfg = Release|Any CPU
		{65054C16-4C56-4F57-A8C1-F325B9320803}.Release|Any CPU.Build.0 = Release|Any CPU
		{65054C16-4C56-4F57-A8C1-F325B9320803}.Release|Mixed Platforms.ActiveCfg = Release|Any CPU
		{65054C16-4C56-4F57-A8C1-F325B9320803}.Release|Mixed Platforms.Build.0 = Release|Any CPU
		{65054C16-4C56-4F57-A8C1-F325B9320803}.Release|Win32.ActiveCfg = Release|Any CPU
		{65054C16-4C56-4F57-A8C1-F325B9320803}.Release|x86.ActiveCfg = Release|Any CPU
		{4728635F-5B34-4A40-A6C8-70AEE5074DC8}.Console|Any CPU.ActiveCfg = Release|Win32
		{4728635F-5B34-4A40-A6C8-70AEE5074DC8}.Console|Mixed Platforms.ActiveCfg = Release|Win32
		{4728635F-5B34-4A40-A6C8-70AEE5074DC8}.Console|Mixed Platforms.Build.0 = Release|Win32
		{4728635F-5B34-4A40-A6C8-70AEE5074DC8}.Console|Win32.ActiveCfg = Release|Win32
		{4728635F-5B34-4A40-A6C8-70AEE5074DC8}.Console|Win32.Build.0 = Release|Win32
		{4728635F-5B34-4A40-A6C8-70AEE5074DC8}.Console|x86.ActiveCfg = Release|Win32
		{4728635F-5B34-4A40-A6C8-70AEE5074DC8}.Console|x86.Build.0 = Release|Win32
		{4728635F-5B34-4A40-A6C8-70AEE5074DC8}.Debug|Any CPU.ActiveCfg = Debug|Win32
		{4728635F-5B34-4A40-A6C8-70AEE5074DC8}.Debug|Any CPU.Build.0 = Debug|Win32
		{4728635F-5B34-4A40-A6C8-70AEE5074DC8}.Debug|Mixed Platforms.ActiveCfg = Debug|Win32
		{4728635F-5B34-4A40-A6C8-70AEE5074DC8}.Debug|Mixed Platforms.Build.0 = Debug|Win32
		{4728635F-5B34-4A40-A6C8-70AEE5074DC8}.Debug|Win32.ActiveCfg = Debug|Win32
		{4728635F-5B34-4A40-A6C8-70AEE5074DC8}.Debug|Win32.Build.0 = Debug|Win32
		{4728635F-5B34-4A40-A6C8-70AEE5074DC8}.Debug|x86.ActiveCfg = Debug|Win32
		{4728635F-5B34-4A40-A6C8-70AEE5074DC8}.Debug|x86.Build.0 = Debug|Win32
		{4728635F-5B34-4A40-A6C8-70AEE5074DC8}.Release|Any CPU.ActiveCfg = Release|Win32
		{4728635F-5B34-4A40-A6C8-70AEE5074DC8}.Release|Any CPU.Build.0 = Release|Win32
		{4728635F-5B34-4A40-A6C8-70AEE5074DC8}.Release|Mixed Platforms.ActiveCfg = Release|Win32
		{4728635F-5B34-4A40-A6C8-70AEE5074DC8}.Release|Mixed Platforms.Build.0 = Release|Win32
		{4728635F-5B34-4A40-A6C8-70AEE5074DC8}.Release|Win32.ActiveCfg = Release|Win32
		{4728635F-5B34-4A40-A6C8-70AEE5074DC8}.Release|Win32.Build.0 = Release|Win32
		{4728635F-5B34-4A40-A6C8-70AEE5074DC8}.Release|x86.ActiveCfg = Release|Win32
		{4728635F-5B34-4A40-A6C8-70AEE5074DC8}.Release|x86.Build.0 = Release|Win32
		{D1C97EAF-0503-4031-A690-CD6CCAD48C5A}.Console|Any CPU.ActiveCfg = Console|Win32
		{D1C97EAF-0503-4031-A690-CD6CCAD48C5A}.Console|Mixed Platforms.ActiveCfg = Console|Win32
		{D1C97EAF-0503-4031-A690-CD6CCAD48C5A}.Console|Mixed Platforms.Build.0 = Console|Win32
		{D1C97EAF-0503-4031-A690-CD6CCAD48C5A}.Console|Win32.ActiveCfg = Console|Win32
		{D1C97EAF-0503-4031-A690-CD6CCAD48C5A}.Console|Win32.Build.0 = Console|Win32
		{D1C97EAF-0503-4031-A690-CD6CCAD48C5A}.Console|x86.ActiveCfg = Console|Win32
		{D1C97EAF-0503-4031-A690-CD6CCAD48C5A}.Console|x86.Build.0 = Console|Win32
		{D1C97EAF-0503-4031-A690-CD6CCAD48C5A}.Debug|Any CPU.ActiveCfg = Debug|Win32
		{D1C97EAF-0503-4031-A690-CD6CCAD48C5A}.Debug|Any CPU.Build.0 = Debug|Win32
		{D1C97EAF-0503-4031-A690-CD6CCAD48C5A}.Debug|Mixed Platforms.ActiveCfg = Debug|Win32
		{D1C97EAF-0503-4031-A690-CD6CCAD48C5A}.Debug|Mixed Platforms.Build.0 = Debug|Win32
		{D1C97EAF-0503-4031-A690-CD6CCAD48C5A}.Debug|Win32.ActiveCfg = Debug|Win32
		{D1C97EAF-0503-4031-A690-CD6CCAD48C5A}.Debug|Win32.Build.0 = Debug|Win32
		{D1C97EAF-0503-4031-A690-CD6CCAD48C5A}.Debug|x86.ActiveCfg = Debug|Win32
		{D1C97EAF-0503-4031-A690-CD6CCAD48C5A}.Debug|x86.Build.0 = Debug|Win32
		{D1C97EAF-0503-4031-A690-CD6CCAD48C5A}.Release|Any CPU.ActiveCfg = Release|Win32
		{D1C97EAF-0503-4031-A690-CD6CCAD48C5A}.Release|Any CPU.Build.0 = Release|Win32
		{D1C97EAF-0503-4031-A690-CD6CCAD48C5A}.Release|Mixed Platforms.ActiveCfg = Release|Win32
		{D1C97EAF-0503-4031-A690-CD6CCAD48C5A}.Release|Mixed Platforms.Build.0 = Release|Win32
		{D1C97EAF-0503-4031-A690-CD6CCAD48C5A}.Release|Win32.ActiveCfg = Release|Win32
		{D1C97EAF-0503-4031-A690-CD6CCAD48C5A}.Release|Win32.Build.0 = Release|Win32
		{D1C97EAF-0503-4031-A690-CD6CCAD48C5A}.Release|x86.ActiveCfg = Release|Win32
		{D1C97EAF-0503-4031-A690-CD6CCAD48C5A}.Release|x86.Build.0 = Release|Win32
		{C9F92566-1F94-4235-944C-19364459F9A6}.Console|Any CPU.ActiveCfg = Release|Any CPU
		{C9F92566-1F94-4235-944C-19364459F9A6}.Console|Any CPU.Build.0 = Release|Any CPU
		{C9F92566-1F94-4235-944C-19364459F9A6}.Console|Mixed Platforms.ActiveCfg = Release|Any CPU
		{C9F92566-1F94-4235-944C-19364459F9A6}.Console|Mixed Platforms.Build.0 = Release|Any CPU
		{C9F92566-1F94-4235-944C-19364459F9A6}.Console|Win32.ActiveCfg = Release|Any CPU
		{C9F92566-1F94-4235-944C-19364459F9A6}.Console|x86.ActiveCfg = Release|Any CPU
		{C9F92566-1F94-4235-944C-19364459F9A6}.Debug|Any CPU.ActiveCfg = Debug|Any CPU
		{C9F92566-1F94-4235-944C-19364459F9A6}.Debug|Any CPU.Build.0 = Debug|Any CPU
		{C9F92566-1F94-4235-944C-19364459F9A6}.Debug|Mixed Platforms.ActiveCfg = Debug|Any CPU
		{C9F92566-1F94-4235-944C-19364459F9A6}.Debug|Mixed Platforms.Build.0 = Debug|Any CPU
		{C9F92566-1F94-4235-944C-19364459F9A6}.Debug|Win32.ActiveCfg = Debug|Any CPU
		{C9F92566-1F94-4235-944C-19364459F9A6}.Debug|x86.ActiveCfg = Debug|Any CPU
		{C9F92566-1F94-4235-944C-19364459F9A6}.Release|Any CPU.ActiveCfg = Release|Any CPU
		{C9F92566-1F94-4235-944C-19364459F9A6}.Release|Any CPU.Build.0 = Release|Any CPU
		{C9F92566-1F94-4235-944C-19364459F9A6}.Release|Mixed Platforms.ActiveCfg = Release|Any CPU
		{C9F92566-1F94-4235-944C-19364459F9A6}.Release|Mixed Platforms.Build.0 = Release|Any CPU
		{C9F92566-1F94-4235-944C-19364459F9A6}.Release|Win32.ActiveCfg = Release|Any CPU
		{C9F92566-1F94-4235-944C-19364459F9A6}.Release|x86.ActiveCfg = Release|Any CPU
		{6AAA4F38-0C18-4D29-B7A2-EDDDD08DC5FF}.Console|Any CPU.ActiveCfg = Release|Any CPU
		{6AAA4F38-0C18-4D29-B7A2-EDDDD08DC5FF}.Console|Any CPU.Build.0 = Release|Any CPU
		{6AAA4F38-0C18-4D29-B7A2-EDDDD08DC5FF}.Console|Mixed Platforms.ActiveCfg = Release|Any CPU
		{6AAA4F38-0C18-4D29-B7A2-EDDDD08DC5FF}.Console|Mixed Platforms.Build.0 = Release|Any CPU
		{6AAA4F38-0C18-4D29-B7A2-EDDDD08DC5FF}.Console|Win32.ActiveCfg = Release|Any CPU
		{6AAA4F38-0C18-4D29-B7A2-EDDDD08DC5FF}.Console|x86.ActiveCfg = Release|Any CPU
		{6AAA4F38-0C18-4D29-B7A2-EDDDD08DC5FF}.Debug|Any CPU.ActiveCfg = Debug|Any CPU
		{6AAA4F38-0C18-4D29-B7A2-EDDDD08DC5FF}.Debug|Any CPU.Build.0 = Debug|Any CPU
		{6AAA4F38-0C18-4D29-B7A2-EDDDD08DC5FF}.Debug|Mixed Platforms.ActiveCfg = Debug|Any CPU
		{6AAA4F38-0C18-4D29-B7A2-EDDDD08DC5FF}.Debug|Mixed Platforms.Build.0 = Debug|Any CPU
		{6AAA4F38-0C18-4D29-B7A2-EDDDD08DC5FF}.Debug|Win32.ActiveCfg = Debug|Any CPU
		{6AAA4F38-0C18-4D29-B7A2-EDDDD08DC5FF}.Debug|x86.ActiveCfg = Debug|Any CPU
		{6AAA4F38-0C18-4D29-B7A2-EDDDD08DC5FF}.Release|Any CPU.ActiveCfg = Release|Any CPU
		{6AAA4F38-0C18-4D29-B7A2-EDDDD08DC5FF}.Release|Any CPU.Build.0 = Release|Any CPU
		{6AAA4F38-0C18-4D29-B7A2-EDDDD08DC5FF}.Release|Mixed Platforms.ActiveCfg = Release|Any CPU
		{6AAA4F38-0C18-4D29-B7A2-EDDDD08DC5FF}.Release|Mixed Platforms.Build.0 = Release|Any CPU
		{6AAA4F38-0C18-4D29-B7A2-EDDDD08DC5FF}.Release|Win32.ActiveCfg = Release|Any CPU
		{6AAA4F38-0C18-4D29-B7A2-EDDDD08DC5FF}.Release|x86.ActiveCfg = Release|Any CPU
	EndGlobalSection
	GlobalSection(SolutionProperties) = preSolution
		HideSolutionNode = FALSE
	EndGlobalSection
	GlobalSection(NestedProjects) = preSolution
		{4728635F-5B34-4A40-A6C8-70AEE5074DC8} = {1FA9A3C3-F366-4FD2-B5AA-ADC7107230CF}
		{D1C97EAF-0503-4031-A690-CD6CCAD48C5A} = {1FA9A3C3-F366-4FD2-B5AA-ADC7107230CF}
	EndGlobalSection
EndGlobal
