
Microsoft Visual Studio Solution File, Format Version 12.00
# Visual Studio 2013
VisualStudioVersion = 12.0.30723.0
MinimumVisualStudioVersion = 10.0.40219.1
Project("{FAE04EC0-301F-11D3-BF4B-00C04F79EFBC}") = "libdnode", "libdnode\libdnode.csproj", "{D28AF7FA-367C-472C-954D-694319528208}"
EndProject
Project("{FAE04EC0-301F-11D3-BF4B-00C04F79EFBC}") = "libdargon.common", "libdargon.common\libdargon.common.csproj", "{D2A303A1-665F-4F6F-9BC6-3D91A8F02978}"
EndProject
Project("{FAE04EC0-301F-11D3-BF4B-00C04F79EFBC}") = "libdargon.filesystem", "libdio\libdargon.filesystem.csproj", "{AA2F9174-3FD1-41DC-8F15-D37D134300D4}"
EndProject
Project("{FAE04EC0-301F-11D3-BF4B-00C04F79EFBC}") = "libdargon.lol-impl", "libdargon.lol-impl\libdargon.lol-impl.csproj", "{63E87E61-95CC-4B7D-8162-09D8918485EB}"
EndProject
Project("{FAE04EC0-301F-11D3-BF4B-00C04F79EFBC}") = "libdargon.game", "libdargon.game\libdargon.game.csproj", "{3008DB66-80D6-4CF3-BF89-2534530E1C83}"
EndProject
Project("{FAE04EC0-301F-11D3-BF4B-00C04F79EFBC}") = "DargonD", "DargonD\DargonD.csproj", "{AB5F3378-D1FB-4397-B337-E440837CD185}"
EndProject
Project("{FAE04EC0-301F-11D3-BF4B-00C04F79EFBC}") = "ItzWarty", "..\libwarty\ItzWarty.csproj", "{097B6B08-4034-408A-B3C0-A12E8F9E8893}"
EndProject
Project("{FAE04EC0-301F-11D3-BF4B-00C04F79EFBC}") = "librads", "..\librads\librads.csproj", "{ABF2ED7E-F5A9-4A4D-A983-3D356A126A02}"
EndProject
Project("{FAE04EC0-301F-11D3-BF4B-00C04F79EFBC}") = "libdpm", "libdpatch\libdpm.csproj", "{9699E719-25FA-41DF-B966-B43CF50F9B00}"
EndProject
Global
	GlobalSection(SolutionConfigurationPlatforms) = preSolution
		Debug|Any CPU = Debug|Any CPU
		Debug|x86 = Debug|x86
		DummyPlatform|Any CPU = DummyPlatform|Any CPU
		DummyPlatform|x86 = DummyPlatform|x86
		Release|Any CPU = Release|Any CPU
		Release|x86 = Release|x86
		TempBuild|Any CPU = TempBuild|Any CPU
		TempBuild|x86 = TempBuild|x86
	EndGlobalSection
	GlobalSection(ProjectConfigurationPlatforms) = postSolution
		{D28AF7FA-367C-472C-954D-694319528208}.Debug|Any CPU.ActiveCfg = Debug|Any CPU
		{D28AF7FA-367C-472C-954D-694319528208}.Debug|Any CPU.Build.0 = Debug|Any CPU
		{D28AF7FA-367C-472C-954D-694319528208}.Debug|x86.ActiveCfg = Debug|Any CPU
		{D28AF7FA-367C-472C-954D-694319528208}.DummyPlatform|Any CPU.ActiveCfg = Debug|Any CPU
		{D28AF7FA-367C-472C-954D-694319528208}.DummyPlatform|Any CPU.Build.0 = Debug|Any CPU
		{D28AF7FA-367C-472C-954D-694319528208}.DummyPlatform|x86.ActiveCfg = Debug|Any CPU
		{D28AF7FA-367C-472C-954D-694319528208}.Release|Any CPU.ActiveCfg = Release|Any CPU
		{D28AF7FA-367C-472C-954D-694319528208}.Release|Any CPU.Build.0 = Release|Any CPU
		{D28AF7FA-367C-472C-954D-694319528208}.Release|x86.ActiveCfg = Release|Any CPU
		{D28AF7FA-367C-472C-954D-694319528208}.TempBuild|Any CPU.ActiveCfg = Release|Any CPU
		{D28AF7FA-367C-472C-954D-694319528208}.TempBuild|Any CPU.Build.0 = Release|Any CPU
		{D28AF7FA-367C-472C-954D-694319528208}.TempBuild|x86.ActiveCfg = Release|Any CPU
		{D2A303A1-665F-4F6F-9BC6-3D91A8F02978}.Debug|Any CPU.ActiveCfg = Debug|Any CPU
		{D2A303A1-665F-4F6F-9BC6-3D91A8F02978}.Debug|Any CPU.Build.0 = Debug|Any CPU
		{D2A303A1-665F-4F6F-9BC6-3D91A8F02978}.Debug|x86.ActiveCfg = Debug|Any CPU
		{D2A303A1-665F-4F6F-9BC6-3D91A8F02978}.DummyPlatform|Any CPU.ActiveCfg = Debug|Any CPU
		{D2A303A1-665F-4F6F-9BC6-3D91A8F02978}.DummyPlatform|Any CPU.Build.0 = Debug|Any CPU
		{D2A303A1-665F-4F6F-9BC6-3D91A8F02978}.DummyPlatform|x86.ActiveCfg = Debug|Any CPU
		{D2A303A1-665F-4F6F-9BC6-3D91A8F02978}.Release|Any CPU.ActiveCfg = Release|Any CPU
		{D2A303A1-665F-4F6F-9BC6-3D91A8F02978}.Release|Any CPU.Build.0 = Release|Any CPU
		{D2A303A1-665F-4F6F-9BC6-3D91A8F02978}.Release|x86.ActiveCfg = Release|Any CPU
		{D2A303A1-665F-4F6F-9BC6-3D91A8F02978}.TempBuild|Any CPU.ActiveCfg = Release|Any CPU
		{D2A303A1-665F-4F6F-9BC6-3D91A8F02978}.TempBuild|Any CPU.Build.0 = Release|Any CPU
		{D2A303A1-665F-4F6F-9BC6-3D91A8F02978}.TempBuild|x86.ActiveCfg = Release|Any CPU
		{AA2F9174-3FD1-41DC-8F15-D37D134300D4}.Debug|Any CPU.ActiveCfg = Debug|Any CPU
		{AA2F9174-3FD1-41DC-8F15-D37D134300D4}.Debug|Any CPU.Build.0 = Debug|Any CPU
		{AA2F9174-3FD1-41DC-8F15-D37D134300D4}.Debug|x86.ActiveCfg = Debug|Any CPU
		{AA2F9174-3FD1-41DC-8F15-D37D134300D4}.DummyPlatform|Any CPU.ActiveCfg = Debug|Any CPU
		{AA2F9174-3FD1-41DC-8F15-D37D134300D4}.DummyPlatform|Any CPU.Build.0 = Debug|Any CPU
		{AA2F9174-3FD1-41DC-8F15-D37D134300D4}.DummyPlatform|x86.ActiveCfg = Debug|Any CPU
		{AA2F9174-3FD1-41DC-8F15-D37D134300D4}.Release|Any CPU.ActiveCfg = Release|Any CPU
		{AA2F9174-3FD1-41DC-8F15-D37D134300D4}.Release|Any CPU.Build.0 = Release|Any CPU
		{AA2F9174-3FD1-41DC-8F15-D37D134300D4}.Release|x86.ActiveCfg = Release|Any CPU
		{AA2F9174-3FD1-41DC-8F15-D37D134300D4}.TempBuild|Any CPU.ActiveCfg = Release|Any CPU
		{AA2F9174-3FD1-41DC-8F15-D37D134300D4}.TempBuild|Any CPU.Build.0 = Release|Any CPU
		{AA2F9174-3FD1-41DC-8F15-D37D134300D4}.TempBuild|x86.ActiveCfg = Release|Any CPU
		{63E87E61-95CC-4B7D-8162-09D8918485EB}.Debug|Any CPU.ActiveCfg = Debug|Any CPU
		{63E87E61-95CC-4B7D-8162-09D8918485EB}.Debug|Any CPU.Build.0 = Debug|Any CPU
		{63E87E61-95CC-4B7D-8162-09D8918485EB}.Debug|x86.ActiveCfg = Debug|Any CPU
		{63E87E61-95CC-4B7D-8162-09D8918485EB}.DummyPlatform|Any CPU.ActiveCfg = Debug|Any CPU
		{63E87E61-95CC-4B7D-8162-09D8918485EB}.DummyPlatform|Any CPU.Build.0 = Debug|Any CPU
		{63E87E61-95CC-4B7D-8162-09D8918485EB}.DummyPlatform|x86.ActiveCfg = Debug|Any CPU
		{63E87E61-95CC-4B7D-8162-09D8918485EB}.Release|Any CPU.ActiveCfg = Release|Any CPU
		{63E87E61-95CC-4B7D-8162-09D8918485EB}.Release|Any CPU.Build.0 = Release|Any CPU
		{63E87E61-95CC-4B7D-8162-09D8918485EB}.Release|x86.ActiveCfg = Release|Any CPU
		{63E87E61-95CC-4B7D-8162-09D8918485EB}.TempBuild|Any CPU.ActiveCfg = Release|Any CPU
		{63E87E61-95CC-4B7D-8162-09D8918485EB}.TempBuild|Any CPU.Build.0 = Release|Any CPU
		{63E87E61-95CC-4B7D-8162-09D8918485EB}.TempBuild|x86.ActiveCfg = Release|Any CPU
		{3008DB66-80D6-4CF3-BF89-2534530E1C83}.Debug|Any CPU.ActiveCfg = Debug|Any CPU
		{3008DB66-80D6-4CF3-BF89-2534530E1C83}.Debug|Any CPU.Build.0 = Debug|Any CPU
		{3008DB66-80D6-4CF3-BF89-2534530E1C83}.Debug|x86.ActiveCfg = Debug|Any CPU
		{3008DB66-80D6-4CF3-BF89-2534530E1C83}.DummyPlatform|Any CPU.ActiveCfg = Debug|Any CPU
		{3008DB66-80D6-4CF3-BF89-2534530E1C83}.DummyPlatform|Any CPU.Build.0 = Debug|Any CPU
		{3008DB66-80D6-4CF3-BF89-2534530E1C83}.DummyPlatform|x86.ActiveCfg = Debug|Any CPU
		{3008DB66-80D6-4CF3-BF89-2534530E1C83}.Release|Any CPU.ActiveCfg = Release|Any CPU
		{3008DB66-80D6-4CF3-BF89-2534530E1C83}.Release|Any CPU.Build.0 = Release|Any CPU
		{3008DB66-80D6-4CF3-BF89-2534530E1C83}.Release|x86.ActiveCfg = Release|Any CPU
		{3008DB66-80D6-4CF3-BF89-2534530E1C83}.TempBuild|Any CPU.ActiveCfg = Release|Any CPU
		{3008DB66-80D6-4CF3-BF89-2534530E1C83}.TempBuild|Any CPU.Build.0 = Release|Any CPU
		{3008DB66-80D6-4CF3-BF89-2534530E1C83}.TempBuild|x86.ActiveCfg = Release|Any CPU
		{AB5F3378-D1FB-4397-B337-E440837CD185}.Debug|Any CPU.ActiveCfg = Debug|Any CPU
		{AB5F3378-D1FB-4397-B337-E440837CD185}.Debug|Any CPU.Build.0 = Debug|Any CPU
		{AB5F3378-D1FB-4397-B337-E440837CD185}.Debug|x86.ActiveCfg = Debug|Any CPU
		{AB5F3378-D1FB-4397-B337-E440837CD185}.DummyPlatform|Any CPU.ActiveCfg = Debug|Any CPU
		{AB5F3378-D1FB-4397-B337-E440837CD185}.DummyPlatform|Any CPU.Build.0 = Debug|Any CPU
		{AB5F3378-D1FB-4397-B337-E440837CD185}.DummyPlatform|x86.ActiveCfg = Debug|Any CPU
		{AB5F3378-D1FB-4397-B337-E440837CD185}.Release|Any CPU.ActiveCfg = Release|Any CPU
		{AB5F3378-D1FB-4397-B337-E440837CD185}.Release|Any CPU.Build.0 = Release|Any CPU
		{AB5F3378-D1FB-4397-B337-E440837CD185}.Release|x86.ActiveCfg = Release|Any CPU
		{AB5F3378-D1FB-4397-B337-E440837CD185}.TempBuild|Any CPU.ActiveCfg = Release|Any CPU
		{AB5F3378-D1FB-4397-B337-E440837CD185}.TempBuild|Any CPU.Build.0 = Release|Any CPU
		{AB5F3378-D1FB-4397-B337-E440837CD185}.TempBuild|x86.ActiveCfg = Release|Any CPU
		{097B6B08-4034-408A-B3C0-A12E8F9E8893}.Debug|Any CPU.ActiveCfg = Debug|Any CPU
		{097B6B08-4034-408A-B3C0-A12E8F9E8893}.Debug|Any CPU.Build.0 = Debug|Any CPU
		{097B6B08-4034-408A-B3C0-A12E8F9E8893}.Debug|x86.ActiveCfg = Debug|x86
		{097B6B08-4034-408A-B3C0-A12E8F9E8893}.Debug|x86.Build.0 = Debug|x86
		{097B6B08-4034-408A-B3C0-A12E8F9E8893}.DummyPlatform|Any CPU.ActiveCfg = DummyPlatform|Any CPU
		{097B6B08-4034-408A-B3C0-A12E8F9E8893}.DummyPlatform|Any CPU.Build.0 = DummyPlatform|Any CPU
		{097B6B08-4034-408A-B3C0-A12E8F9E8893}.DummyPlatform|x86.ActiveCfg = DummyPlatform|x86
		{097B6B08-4034-408A-B3C0-A12E8F9E8893}.DummyPlatform|x86.Build.0 = DummyPlatform|x86
		{097B6B08-4034-408A-B3C0-A12E8F9E8893}.Release|Any CPU.ActiveCfg = Release|Any CPU
		{097B6B08-4034-408A-B3C0-A12E8F9E8893}.Release|Any CPU.Build.0 = Release|Any CPU
		{097B6B08-4034-408A-B3C0-A12E8F9E8893}.Release|x86.ActiveCfg = Release|x86
		{097B6B08-4034-408A-B3C0-A12E8F9E8893}.Release|x86.Build.0 = Release|x86
		{097B6B08-4034-408A-B3C0-A12E8F9E8893}.TempBuild|Any CPU.ActiveCfg = TempBuild|Any CPU
		{097B6B08-4034-408A-B3C0-A12E8F9E8893}.TempBuild|Any CPU.Build.0 = TempBuild|Any CPU
		{097B6B08-4034-408A-B3C0-A12E8F9E8893}.TempBuild|x86.ActiveCfg = TempBuild|x86
		{097B6B08-4034-408A-B3C0-A12E8F9E8893}.TempBuild|x86.Build.0 = TempBuild|x86
		{ABF2ED7E-F5A9-4A4D-A983-3D356A126A02}.Debug|Any CPU.ActiveCfg = Debug|Any CPU
		{ABF2ED7E-F5A9-4A4D-A983-3D356A126A02}.Debug|Any CPU.Build.0 = Debug|Any CPU
		{ABF2ED7E-F5A9-4A4D-A983-3D356A126A02}.Debug|x86.ActiveCfg = Debug|Any CPU
		{ABF2ED7E-F5A9-4A4D-A983-3D356A126A02}.DummyPlatform|Any CPU.ActiveCfg = Debug|Any CPU
		{ABF2ED7E-F5A9-4A4D-A983-3D356A126A02}.DummyPlatform|Any CPU.Build.0 = Debug|Any CPU
		{ABF2ED7E-F5A9-4A4D-A983-3D356A126A02}.DummyPlatform|x86.ActiveCfg = Debug|Any CPU
		{ABF2ED7E-F5A9-4A4D-A983-3D356A126A02}.Release|Any CPU.ActiveCfg = Release|Any CPU
		{ABF2ED7E-F5A9-4A4D-A983-3D356A126A02}.Release|Any CPU.Build.0 = Release|Any CPU
		{ABF2ED7E-F5A9-4A4D-A983-3D356A126A02}.Release|x86.ActiveCfg = Release|Any CPU
		{ABF2ED7E-F5A9-4A4D-A983-3D356A126A02}.TempBuild|Any CPU.ActiveCfg = Release|Any CPU
		{ABF2ED7E-F5A9-4A4D-A983-3D356A126A02}.TempBuild|Any CPU.Build.0 = Release|Any CPU
		{ABF2ED7E-F5A9-4A4D-A983-3D356A126A02}.TempBuild|x86.ActiveCfg = Release|Any CPU
		{9699E719-25FA-41DF-B966-B43CF50F9B00}.Debug|Any CPU.ActiveCfg = Debug|Any CPU
		{9699E719-25FA-41DF-B966-B43CF50F9B00}.Debug|Any CPU.Build.0 = Debug|Any CPU
		{9699E719-25FA-41DF-B966-B43CF50F9B00}.Debug|x86.ActiveCfg = Debug|Any CPU
		{9699E719-25FA-41DF-B966-B43CF50F9B00}.DummyPlatform|Any CPU.ActiveCfg = Debug|Any CPU
		{9699E719-25FA-41DF-B966-B43CF50F9B00}.DummyPlatform|Any CPU.Build.0 = Debug|Any CPU
		{9699E719-25FA-41DF-B966-B43CF50F9B00}.DummyPlatform|x86.ActiveCfg = Debug|Any CPU
		{9699E719-25FA-41DF-B966-B43CF50F9B00}.Release|Any CPU.ActiveCfg = Release|Any CPU
		{9699E719-25FA-41DF-B966-B43CF50F9B00}.Release|Any CPU.Build.0 = Release|Any CPU
		{9699E719-25FA-41DF-B966-B43CF50F9B00}.Release|x86.ActiveCfg = Release|Any CPU
		{9699E719-25FA-41DF-B966-B43CF50F9B00}.TempBuild|Any CPU.ActiveCfg = Release|Any CPU
		{9699E719-25FA-41DF-B966-B43CF50F9B00}.TempBuild|Any CPU.Build.0 = Release|Any CPU
		{9699E719-25FA-41DF-B966-B43CF50F9B00}.TempBuild|x86.ActiveCfg = Release|Any CPU
	EndGlobalSection
	GlobalSection(SolutionProperties) = preSolution
		HideSolutionNode = FALSE
	EndGlobalSection
EndGlobal
