
Microsoft Visual Studio Solution File, Format Version 12.00
# Visual Studio 2013
VisualStudioVersion = 12.0.30723.0
MinimumVisualStudioVersion = 10.0.40219.1
Project("{FAE04EC0-301F-11D3-BF4B-00C04F79EFBC}") = "libdnode", "libdnode\libdnode.csproj", "{D28AF7FA-367C-472C-954D-694319528208}"
EndProject
Project("{FAE04EC0-301F-11D3-BF4B-00C04F79EFBC}") = "libdargon.common", "libdargon.common\libdargon.common.csproj", "{D2A303A1-665F-4F6F-9BC6-3D91A8F02978}"
EndProject
Project("{FAE04EC0-301F-11D3-BF4B-00C04F79EFBC}") = "libdargon.filesystem-api", "libdio\libdargon.filesystem-api.csproj", "{AA2F9174-3FD1-41DC-8F15-D37D134300D4}"
EndProject
Project("{FAE04EC0-301F-11D3-BF4B-00C04F79EFBC}") = "libdargon.game-api", "libdargon.game\libdargon.game-api.csproj", "{3008DB66-80D6-4CF3-BF89-2534530E1C83}"
EndProject
Project("{FAE04EC0-301F-11D3-BF4B-00C04F79EFBC}") = "daemon-impl", "DargonD\daemon-impl.csproj", "{AB5F3378-D1FB-4397-B337-E440837CD185}"
	ProjectSection(ProjectDependencies) = postProject
		{EA2EFC04-2ADC-4B82-AB97-424A043A590F} = {EA2EFC04-2ADC-4B82-AB97-424A043A590F}
		{9699E719-25FA-41DF-B966-B43CF50F9B00} = {9699E719-25FA-41DF-B966-B43CF50F9B00}
		{2F26CB57-5F3B-4EDF-BD9B-1CADAC3FA981} = {2F26CB57-5F3B-4EDF-BD9B-1CADAC3FA981}
		{3008DB66-80D6-4CF3-BF89-2534530E1C83} = {3008DB66-80D6-4CF3-BF89-2534530E1C83}
		{DF2D0693-EC29-4BFF-A32D-C11F6D509B52} = {DF2D0693-EC29-4BFF-A32D-C11F6D509B52}
		{959ADDA0-D08F-4238-B0A8-A9C715A9DB3A} = {959ADDA0-D08F-4238-B0A8-A9C715A9DB3A}
		{D2A303A1-665F-4F6F-9BC6-3D91A8F02978} = {D2A303A1-665F-4F6F-9BC6-3D91A8F02978}
		{1C6D9EC6-2C67-46D3-92B5-A0059E1D305E} = {1C6D9EC6-2C67-46D3-92B5-A0059E1D305E}
		{747797D1-8A0B-4644-96B0-78D484EBC8B6} = {747797D1-8A0B-4644-96B0-78D484EBC8B6}
		{D28AF7FA-367C-472C-954D-694319528208} = {D28AF7FA-367C-472C-954D-694319528208}
	EndProjectSection
EndProject
Project("{FAE04EC0-301F-11D3-BF4B-00C04F79EFBC}") = "ItzWarty", "..\libwarty\ItzWarty.csproj", "{097B6B08-4034-408A-B3C0-A12E8F9E8893}"
EndProject
Project("{FAE04EC0-301F-11D3-BF4B-00C04F79EFBC}") = "librads", "..\librads\librads.csproj", "{ABF2ED7E-F5A9-4A4D-A983-3D356A126A02}"
EndProject
Project("{FAE04EC0-301F-11D3-BF4B-00C04F79EFBC}") = "libdpm", "libdpatch\libdpm.csproj", "{9699E719-25FA-41DF-B966-B43CF50F9B00}"
EndProject
Project("{FAE04EC0-301F-11D3-BF4B-00C04F79EFBC}") = "daemon-api", "daemon-api\daemon-api.csproj", "{EA2EFC04-2ADC-4B82-AB97-424A043A590F}"
EndProject
Project("{FAE04EC0-301F-11D3-BF4B-00C04F79EFBC}") = "libdargon.process-impl", "libdargon.injection\libdargon.process-impl.csproj", "{747797D1-8A0B-4644-96B0-78D484EBC8B6}"
EndProject
Project("{FAE04EC0-301F-11D3-BF4B-00C04F79EFBC}") = "libdargon.lol-impl", "libdargon.game-impl-lol\libdargon.lol-impl.csproj", "{1C6D9EC6-2C67-46D3-92B5-A0059E1D305E}"
EndProject
Project("{FAE04EC0-301F-11D3-BF4B-00C04F79EFBC}") = "libdargon.modification-repository-api", "libdargon.modification-repository-api\libdargon.modification-repository-api.csproj", "{DF2D0693-EC29-4BFF-A32D-C11F6D509B52}"
EndProject
Project("{FAE04EC0-301F-11D3-BF4B-00C04F79EFBC}") = "libdargon.modification-repository-impl", "libdargon.modification-repository-impl\libdargon.modification-repository-impl.csproj", "{959ADDA0-D08F-4238-B0A8-A9C715A9DB3A}"
EndProject
Project("{FAE04EC0-301F-11D3-BF4B-00C04F79EFBC}") = "libdargon.process-api", "libdargon.process-api\libdargon.process-api.csproj", "{2F26CB57-5F3B-4EDF-BD9B-1CADAC3FA981}"
EndProject
Project("{FAE04EC0-301F-11D3-BF4B-00C04F79EFBC}") = "common-resources", "common-resources\common-resources.csproj", "{240FD585-1142-4395-A88F-7B9497A9B828}"
EndProject
Project("{FAE04EC0-301F-11D3-BF4B-00C04F79EFBC}") = "libdargon.tray-api", "libdargon.tray-api\libdargon.tray-api.csproj", "{0759F916-00B7-4A23-847A-A12E19DD2777}"
EndProject
Project("{FAE04EC0-301F-11D3-BF4B-00C04F79EFBC}") = "libdargon.tray-impl", "libdargon.tray-impl\libdargon.tray-impl.csproj", "{6D00D055-8C83-4616-B56E-357665DCC73F}"
EndProject
Project("{FAE04EC0-301F-11D3-BF4B-00C04F79EFBC}") = "libdargon.lol-api", "libdargon.lol-api\libdargon.lol-api.csproj", "{FC2ED8AC-0D8B-45C3-82B1-E47F3D20833E}"
EndProject
Project("{FAE04EC0-301F-11D3-BF4B-00C04F79EFBC}") = "libdargon.injected-module-api", "libdargon.dargon-injected-module-api\libdargon.injected-module-api.csproj", "{C4B98A85-F3B6-43FE-AF0A-16E34E63E238}"
EndProject
Project("{FAE04EC0-301F-11D3-BF4B-00C04F79EFBC}") = "libdargon.injected-module-impl", "libdargon.injected-module-impl\libdargon.injected-module-impl.csproj", "{0EEFC1AB-19DD-4A3A-A5E7-12C566D3761B}"
EndProject
Project("{2150E333-8FDC-42A3-9474-1A3956D46DE8}") = "Brainstorming", "Brainstorming", "{EA4B3934-A113-4835-AFAC-F265D3B3A05D}"
	ProjectSection(SolutionItems) = preProject
		Brainstorming\22 September 2014 - Resolution and Compilation.txt = Brainstorming\22 September 2014 - Resolution and Compilation.txt
	EndProjectSection
EndProject
Project("{FAE04EC0-301F-11D3-BF4B-00C04F79EFBC}") = "libdargon.modification-api", "libdargon.modification-api\libdargon.modification-api.csproj", "{9C5CFADB-05A2-4BCD-9490-E5DEB1CF0490}"
EndProject
Project("{FAE04EC0-301F-11D3-BF4B-00C04F79EFBC}") = "libdargon.modification-impl", "libdargon.modification-impl\libdargon.modification-impl.csproj", "{65054C16-4C56-4F57-A8C1-F325B9320803}"
EndProject
Global
	GlobalSection(SolutionConfigurationPlatforms) = preSolution
		Debug|Any CPU = Debug|Any CPU
		Debug|x86 = Debug|x86
		DummyPlatform|Any CPU = DummyPlatform|Any CPU
		DummyPlatform|x86 = DummyPlatform|x86
		Release|Any CPU = Release|Any CPU
		Release|x86 = Release|x86
		TempBuild|Any CPU = TempBuild|Any CPU
		TempBuild|x86 = TempBuild|x86
	EndGlobalSection
	GlobalSection(ProjectConfigurationPlatforms) = postSolution
		{D28AF7FA-367C-472C-954D-694319528208}.Debug|Any CPU.ActiveCfg = Debug|Any CPU
		{D28AF7FA-367C-472C-954D-694319528208}.Debug|Any CPU.Build.0 = Debug|Any CPU
		{D28AF7FA-367C-472C-954D-694319528208}.Debug|x86.ActiveCfg = Debug|Any CPU
		{D28AF7FA-367C-472C-954D-694319528208}.DummyPlatform|Any CPU.ActiveCfg = Debug|Any CPU
		{D28AF7FA-367C-472C-954D-694319528208}.DummyPlatform|Any CPU.Build.0 = Debug|Any CPU
		{D28AF7FA-367C-472C-954D-694319528208}.DummyPlatform|x86.ActiveCfg = Debug|Any CPU
		{D28AF7FA-367C-472C-954D-694319528208}.Release|Any CPU.ActiveCfg = Release|Any CPU
		{D28AF7FA-367C-472C-954D-694319528208}.Release|Any CPU.Build.0 = Release|Any CPU
		{D28AF7FA-367C-472C-954D-694319528208}.Release|x86.ActiveCfg = Release|Any CPU
		{D28AF7FA-367C-472C-954D-694319528208}.TempBuild|Any CPU.ActiveCfg = Release|Any CPU
		{D28AF7FA-367C-472C-954D-694319528208}.TempBuild|Any CPU.Build.0 = Release|Any CPU
		{D28AF7FA-367C-472C-954D-694319528208}.TempBuild|x86.ActiveCfg = Release|Any CPU
		{D2A303A1-665F-4F6F-9BC6-3D91A8F02978}.Debug|Any CPU.ActiveCfg = Debug|Any CPU
		{D2A303A1-665F-4F6F-9BC6-3D91A8F02978}.Debug|Any CPU.Build.0 = Debug|Any CPU
		{D2A303A1-665F-4F6F-9BC6-3D91A8F02978}.Debug|x86.ActiveCfg = Debug|Any CPU
		{D2A303A1-665F-4F6F-9BC6-3D91A8F02978}.DummyPlatform|Any CPU.ActiveCfg = Debug|Any CPU
		{D2A303A1-665F-4F6F-9BC6-3D91A8F02978}.DummyPlatform|Any CPU.Build.0 = Debug|Any CPU
		{D2A303A1-665F-4F6F-9BC6-3D91A8F02978}.DummyPlatform|x86.ActiveCfg = Debug|Any CPU
		{D2A303A1-665F-4F6F-9BC6-3D91A8F02978}.Release|Any CPU.ActiveCfg = Release|Any CPU
		{D2A303A1-665F-4F6F-9BC6-3D91A8F02978}.Release|Any CPU.Build.0 = Release|Any CPU
		{D2A303A1-665F-4F6F-9BC6-3D91A8F02978}.Release|x86.ActiveCfg = Release|Any CPU
		{D2A303A1-665F-4F6F-9BC6-3D91A8F02978}.TempBuild|Any CPU.ActiveCfg = Release|Any CPU
		{D2A303A1-665F-4F6F-9BC6-3D91A8F02978}.TempBuild|Any CPU.Build.0 = Release|Any CPU
		{D2A303A1-665F-4F6F-9BC6-3D91A8F02978}.TempBuild|x86.ActiveCfg = Release|Any CPU
		{AA2F9174-3FD1-41DC-8F15-D37D134300D4}.Debug|Any CPU.ActiveCfg = Debug|Any CPU
		{AA2F9174-3FD1-41DC-8F15-D37D134300D4}.Debug|Any CPU.Build.0 = Debug|Any CPU
		{AA2F9174-3FD1-41DC-8F15-D37D134300D4}.Debug|x86.ActiveCfg = Debug|Any CPU
		{AA2F9174-3FD1-41DC-8F15-D37D134300D4}.DummyPlatform|Any CPU.ActiveCfg = Debug|Any CPU
		{AA2F9174-3FD1-41DC-8F15-D37D134300D4}.DummyPlatform|Any CPU.Build.0 = Debug|Any CPU
		{AA2F9174-3FD1-41DC-8F15-D37D134300D4}.DummyPlatform|x86.ActiveCfg = Debug|Any CPU
		{AA2F9174-3FD1-41DC-8F15-D37D134300D4}.Release|Any CPU.ActiveCfg = Release|Any CPU
		{AA2F9174-3FD1-41DC-8F15-D37D134300D4}.Release|Any CPU.Build.0 = Release|Any CPU
		{AA2F9174-3FD1-41DC-8F15-D37D134300D4}.Release|x86.ActiveCfg = Release|Any CPU
		{AA2F9174-3FD1-41DC-8F15-D37D134300D4}.TempBuild|Any CPU.ActiveCfg = Release|Any CPU
		{AA2F9174-3FD1-41DC-8F15-D37D134300D4}.TempBuild|Any CPU.Build.0 = Release|Any CPU
		{AA2F9174-3FD1-41DC-8F15-D37D134300D4}.TempBuild|x86.ActiveCfg = Release|Any CPU
		{3008DB66-80D6-4CF3-BF89-2534530E1C83}.Debug|Any CPU.ActiveCfg = Debug|Any CPU
		{3008DB66-80D6-4CF3-BF89-2534530E1C83}.Debug|Any CPU.Build.0 = Debug|Any CPU
		{3008DB66-80D6-4CF3-BF89-2534530E1C83}.Debug|x86.ActiveCfg = Debug|Any CPU
		{3008DB66-80D6-4CF3-BF89-2534530E1C83}.DummyPlatform|Any CPU.ActiveCfg = Debug|Any CPU
		{3008DB66-80D6-4CF3-BF89-2534530E1C83}.DummyPlatform|Any CPU.Build.0 = Debug|Any CPU
		{3008DB66-80D6-4CF3-BF89-2534530E1C83}.DummyPlatform|x86.ActiveCfg = Debug|Any CPU
		{3008DB66-80D6-4CF3-BF89-2534530E1C83}.Release|Any CPU.ActiveCfg = Release|Any CPU
		{3008DB66-80D6-4CF3-BF89-2534530E1C83}.Release|Any CPU.Build.0 = Release|Any CPU
		{3008DB66-80D6-4CF3-BF89-2534530E1C83}.Release|x86.ActiveCfg = Release|Any CPU
		{3008DB66-80D6-4CF3-BF89-2534530E1C83}.TempBuild|Any CPU.ActiveCfg = Release|Any CPU
		{3008DB66-80D6-4CF3-BF89-2534530E1C83}.TempBuild|Any CPU.Build.0 = Release|Any CPU
		{3008DB66-80D6-4CF3-BF89-2534530E1C83}.TempBuild|x86.ActiveCfg = Release|Any CPU
		{AB5F3378-D1FB-4397-B337-E440837CD185}.Debug|Any CPU.ActiveCfg = Debug|Any CPU
		{AB5F3378-D1FB-4397-B337-E440837CD185}.Debug|Any CPU.Build.0 = Debug|Any CPU
		{AB5F3378-D1FB-4397-B337-E440837CD185}.Debug|x86.ActiveCfg = Debug|Any CPU
		{AB5F3378-D1FB-4397-B337-E440837CD185}.DummyPlatform|Any CPU.ActiveCfg = Debug|Any CPU
		{AB5F3378-D1FB-4397-B337-E440837CD185}.DummyPlatform|Any CPU.Build.0 = Debug|Any CPU
		{AB5F3378-D1FB-4397-B337-E440837CD185}.DummyPlatform|x86.ActiveCfg = Debug|Any CPU
		{AB5F3378-D1FB-4397-B337-E440837CD185}.Release|Any CPU.ActiveCfg = Release|Any CPU
		{AB5F3378-D1FB-4397-B337-E440837CD185}.Release|Any CPU.Build.0 = Release|Any CPU
		{AB5F3378-D1FB-4397-B337-E440837CD185}.Release|x86.ActiveCfg = Release|Any CPU
		{AB5F3378-D1FB-4397-B337-E440837CD185}.TempBuild|Any CPU.ActiveCfg = Release|Any CPU
		{AB5F3378-D1FB-4397-B337-E440837CD185}.TempBuild|Any CPU.Build.0 = Release|Any CPU
		{AB5F3378-D1FB-4397-B337-E440837CD185}.TempBuild|x86.ActiveCfg = Release|Any CPU
		{097B6B08-4034-408A-B3C0-A12E8F9E8893}.Debug|Any CPU.ActiveCfg = Debug|Any CPU
		{097B6B08-4034-408A-B3C0-A12E8F9E8893}.Debug|Any CPU.Build.0 = Debug|Any CPU
		{097B6B08-4034-408A-B3C0-A12E8F9E8893}.Debug|x86.ActiveCfg = Debug|x86
		{097B6B08-4034-408A-B3C0-A12E8F9E8893}.Debug|x86.Build.0 = Debug|x86
		{097B6B08-4034-408A-B3C0-A12E8F9E8893}.DummyPlatform|Any CPU.ActiveCfg = DummyPlatform|Any CPU
		{097B6B08-4034-408A-B3C0-A12E8F9E8893}.DummyPlatform|Any CPU.Build.0 = DummyPlatform|Any CPU
		{097B6B08-4034-408A-B3C0-A12E8F9E8893}.DummyPlatform|x86.ActiveCfg = DummyPlatform|x86
		{097B6B08-4034-408A-B3C0-A12E8F9E8893}.DummyPlatform|x86.Build.0 = DummyPlatform|x86
		{097B6B08-4034-408A-B3C0-A12E8F9E8893}.Release|Any CPU.ActiveCfg = Release|Any CPU
		{097B6B08-4034-408A-B3C0-A12E8F9E8893}.Release|Any CPU.Build.0 = Release|Any CPU
		{097B6B08-4034-408A-B3C0-A12E8F9E8893}.Release|x86.ActiveCfg = Release|x86
		{097B6B08-4034-408A-B3C0-A12E8F9E8893}.Release|x86.Build.0 = Release|x86
		{097B6B08-4034-408A-B3C0-A12E8F9E8893}.TempBuild|Any CPU.ActiveCfg = TempBuild|Any CPU
		{097B6B08-4034-408A-B3C0-A12E8F9E8893}.TempBuild|Any CPU.Build.0 = TempBuild|Any CPU
		{097B6B08-4034-408A-B3C0-A12E8F9E8893}.TempBuild|x86.ActiveCfg = TempBuild|x86
		{097B6B08-4034-408A-B3C0-A12E8F9E8893}.TempBuild|x86.Build.0 = TempBuild|x86
		{ABF2ED7E-F5A9-4A4D-A983-3D356A126A02}.Debug|Any CPU.ActiveCfg = Debug|Any CPU
		{ABF2ED7E-F5A9-4A4D-A983-3D356A126A02}.Debug|Any CPU.Build.0 = Debug|Any CPU
		{ABF2ED7E-F5A9-4A4D-A983-3D356A126A02}.Debug|x86.ActiveCfg = Debug|Any CPU
		{ABF2ED7E-F5A9-4A4D-A983-3D356A126A02}.DummyPlatform|Any CPU.ActiveCfg = Debug|Any CPU
		{ABF2ED7E-F5A9-4A4D-A983-3D356A126A02}.DummyPlatform|Any CPU.Build.0 = Debug|Any CPU
		{ABF2ED7E-F5A9-4A4D-A983-3D356A126A02}.DummyPlatform|x86.ActiveCfg = Debug|Any CPU
		{ABF2ED7E-F5A9-4A4D-A983-3D356A126A02}.Release|Any CPU.ActiveCfg = Release|Any CPU
		{ABF2ED7E-F5A9-4A4D-A983-3D356A126A02}.Release|Any CPU.Build.0 = Release|Any CPU
		{ABF2ED7E-F5A9-4A4D-A983-3D356A126A02}.Release|x86.ActiveCfg = Release|Any CPU
		{ABF2ED7E-F5A9-4A4D-A983-3D356A126A02}.TempBuild|Any CPU.ActiveCfg = Release|Any CPU
		{ABF2ED7E-F5A9-4A4D-A983-3D356A126A02}.TempBuild|Any CPU.Build.0 = Release|Any CPU
		{ABF2ED7E-F5A9-4A4D-A983-3D356A126A02}.TempBuild|x86.ActiveCfg = Release|Any CPU
		{9699E719-25FA-41DF-B966-B43CF50F9B00}.Debug|Any CPU.ActiveCfg = Debug|Any CPU
		{9699E719-25FA-41DF-B966-B43CF50F9B00}.Debug|Any CPU.Build.0 = Debug|Any CPU
		{9699E719-25FA-41DF-B966-B43CF50F9B00}.Debug|x86.ActiveCfg = Debug|Any CPU
		{9699E719-25FA-41DF-B966-B43CF50F9B00}.DummyPlatform|Any CPU.ActiveCfg = Debug|Any CPU
		{9699E719-25FA-41DF-B966-B43CF50F9B00}.DummyPlatform|Any CPU.Build.0 = Debug|Any CPU
		{9699E719-25FA-41DF-B966-B43CF50F9B00}.DummyPlatform|x86.ActiveCfg = Debug|Any CPU
		{9699E719-25FA-41DF-B966-B43CF50F9B00}.Release|Any CPU.ActiveCfg = Release|Any CPU
		{9699E719-25FA-41DF-B966-B43CF50F9B00}.Release|Any CPU.Build.0 = Release|Any CPU
		{9699E719-25FA-41DF-B966-B43CF50F9B00}.Release|x86.ActiveCfg = Release|Any CPU
		{9699E719-25FA-41DF-B966-B43CF50F9B00}.TempBuild|Any CPU.ActiveCfg = Release|Any CPU
		{9699E719-25FA-41DF-B966-B43CF50F9B00}.TempBuild|Any CPU.Build.0 = Release|Any CPU
		{9699E719-25FA-41DF-B966-B43CF50F9B00}.TempBuild|x86.ActiveCfg = Release|Any CPU
		{EA2EFC04-2ADC-4B82-AB97-424A043A590F}.Debug|Any CPU.ActiveCfg = Debug|Any CPU
		{EA2EFC04-2ADC-4B82-AB97-424A043A590F}.Debug|Any CPU.Build.0 = Debug|Any CPU
		{EA2EFC04-2ADC-4B82-AB97-424A043A590F}.Debug|x86.ActiveCfg = Debug|Any CPU
		{EA2EFC04-2ADC-4B82-AB97-424A043A590F}.DummyPlatform|Any CPU.ActiveCfg = Debug|Any CPU
		{EA2EFC04-2ADC-4B82-AB97-424A043A590F}.DummyPlatform|Any CPU.Build.0 = Debug|Any CPU
		{EA2EFC04-2ADC-4B82-AB97-424A043A590F}.DummyPlatform|x86.ActiveCfg = Debug|Any CPU
		{EA2EFC04-2ADC-4B82-AB97-424A043A590F}.Release|Any CPU.ActiveCfg = Release|Any CPU
		{EA2EFC04-2ADC-4B82-AB97-424A043A590F}.Release|Any CPU.Build.0 = Release|Any CPU
		{EA2EFC04-2ADC-4B82-AB97-424A043A590F}.Release|x86.ActiveCfg = Release|Any CPU
		{EA2EFC04-2ADC-4B82-AB97-424A043A590F}.TempBuild|Any CPU.ActiveCfg = Release|Any CPU
		{EA2EFC04-2ADC-4B82-AB97-424A043A590F}.TempBuild|Any CPU.Build.0 = Release|Any CPU
		{EA2EFC04-2ADC-4B82-AB97-424A043A590F}.TempBuild|x86.ActiveCfg = Release|Any CPU
		{747797D1-8A0B-4644-96B0-78D484EBC8B6}.Debug|Any CPU.ActiveCfg = Debug|Any CPU
		{747797D1-8A0B-4644-96B0-78D484EBC8B6}.Debug|Any CPU.Build.0 = Debug|Any CPU
		{747797D1-8A0B-4644-96B0-78D484EBC8B6}.Debug|x86.ActiveCfg = Debug|Any CPU
		{747797D1-8A0B-4644-96B0-78D484EBC8B6}.DummyPlatform|Any CPU.ActiveCfg = Debug|Any CPU
		{747797D1-8A0B-4644-96B0-78D484EBC8B6}.DummyPlatform|Any CPU.Build.0 = Debug|Any CPU
		{747797D1-8A0B-4644-96B0-78D484EBC8B6}.DummyPlatform|x86.ActiveCfg = Debug|Any CPU
		{747797D1-8A0B-4644-96B0-78D484EBC8B6}.Release|Any CPU.ActiveCfg = Release|Any CPU
		{747797D1-8A0B-4644-96B0-78D484EBC8B6}.Release|Any CPU.Build.0 = Release|Any CPU
		{747797D1-8A0B-4644-96B0-78D484EBC8B6}.Release|x86.ActiveCfg = Release|Any CPU
		{747797D1-8A0B-4644-96B0-78D484EBC8B6}.TempBuild|Any CPU.ActiveCfg = Release|Any CPU
		{747797D1-8A0B-4644-96B0-78D484EBC8B6}.TempBuild|Any CPU.Build.0 = Release|Any CPU
		{747797D1-8A0B-4644-96B0-78D484EBC8B6}.TempBuild|x86.ActiveCfg = Release|Any CPU
		{1C6D9EC6-2C67-46D3-92B5-A0059E1D305E}.Debug|Any CPU.ActiveCfg = Debug|Any CPU
		{1C6D9EC6-2C67-46D3-92B5-A0059E1D305E}.Debug|Any CPU.Build.0 = Debug|Any CPU
		{1C6D9EC6-2C67-46D3-92B5-A0059E1D305E}.Debug|x86.ActiveCfg = Debug|Any CPU
		{1C6D9EC6-2C67-46D3-92B5-A0059E1D305E}.DummyPlatform|Any CPU.ActiveCfg = Debug|Any CPU
		{1C6D9EC6-2C67-46D3-92B5-A0059E1D305E}.DummyPlatform|Any CPU.Build.0 = Debug|Any CPU
		{1C6D9EC6-2C67-46D3-92B5-A0059E1D305E}.DummyPlatform|x86.ActiveCfg = Debug|Any CPU
		{1C6D9EC6-2C67-46D3-92B5-A0059E1D305E}.Release|Any CPU.ActiveCfg = Release|Any CPU
		{1C6D9EC6-2C67-46D3-92B5-A0059E1D305E}.Release|Any CPU.Build.0 = Release|Any CPU
		{1C6D9EC6-2C67-46D3-92B5-A0059E1D305E}.Release|x86.ActiveCfg = Release|Any CPU
		{1C6D9EC6-2C67-46D3-92B5-A0059E1D305E}.TempBuild|Any CPU.ActiveCfg = Release|Any CPU
		{1C6D9EC6-2C67-46D3-92B5-A0059E1D305E}.TempBuild|Any CPU.Build.0 = Release|Any CPU
		{1C6D9EC6-2C67-46D3-92B5-A0059E1D305E}.TempBuild|x86.ActiveCfg = Release|Any CPU
		{DF2D0693-EC29-4BFF-A32D-C11F6D509B52}.Debug|Any CPU.ActiveCfg = Debug|Any CPU
		{DF2D0693-EC29-4BFF-A32D-C11F6D509B52}.Debug|Any CPU.Build.0 = Debug|Any CPU
		{DF2D0693-EC29-4BFF-A32D-C11F6D509B52}.Debug|x86.ActiveCfg = Debug|Any CPU
		{DF2D0693-EC29-4BFF-A32D-C11F6D509B52}.DummyPlatform|Any CPU.ActiveCfg = Debug|Any CPU
		{DF2D0693-EC29-4BFF-A32D-C11F6D509B52}.DummyPlatform|Any CPU.Build.0 = Debug|Any CPU
		{DF2D0693-EC29-4BFF-A32D-C11F6D509B52}.DummyPlatform|x86.ActiveCfg = Debug|Any CPU
		{DF2D0693-EC29-4BFF-A32D-C11F6D509B52}.Release|Any CPU.ActiveCfg = Release|Any CPU
		{DF2D0693-EC29-4BFF-A32D-C11F6D509B52}.Release|Any CPU.Build.0 = Release|Any CPU
		{DF2D0693-EC29-4BFF-A32D-C11F6D509B52}.Release|x86.ActiveCfg = Release|Any CPU
		{DF2D0693-EC29-4BFF-A32D-C11F6D509B52}.TempBuild|Any CPU.ActiveCfg = Release|Any CPU
		{DF2D0693-EC29-4BFF-A32D-C11F6D509B52}.TempBuild|Any CPU.Build.0 = Release|Any CPU
		{DF2D0693-EC29-4BFF-A32D-C11F6D509B52}.TempBuild|x86.ActiveCfg = Release|Any CPU
		{959ADDA0-D08F-4238-B0A8-A9C715A9DB3A}.Debug|Any CPU.ActiveCfg = Debug|Any CPU
		{959ADDA0-D08F-4238-B0A8-A9C715A9DB3A}.Debug|Any CPU.Build.0 = Debug|Any CPU
		{959ADDA0-D08F-4238-B0A8-A9C715A9DB3A}.Debug|x86.ActiveCfg = Debug|Any CPU
		{959ADDA0-D08F-4238-B0A8-A9C715A9DB3A}.DummyPlatform|Any CPU.ActiveCfg = Debug|Any CPU
		{959ADDA0-D08F-4238-B0A8-A9C715A9DB3A}.DummyPlatform|Any CPU.Build.0 = Debug|Any CPU
		{959ADDA0-D08F-4238-B0A8-A9C715A9DB3A}.DummyPlatform|x86.ActiveCfg = Debug|Any CPU
		{959ADDA0-D08F-4238-B0A8-A9C715A9DB3A}.Release|Any CPU.ActiveCfg = Release|Any CPU
		{959ADDA0-D08F-4238-B0A8-A9C715A9DB3A}.Release|Any CPU.Build.0 = Release|Any CPU
		{959ADDA0-D08F-4238-B0A8-A9C715A9DB3A}.Release|x86.ActiveCfg = Release|Any CPU
		{959ADDA0-D08F-4238-B0A8-A9C715A9DB3A}.TempBuild|Any CPU.ActiveCfg = Release|Any CPU
		{959ADDA0-D08F-4238-B0A8-A9C715A9DB3A}.TempBuild|Any CPU.Build.0 = Release|Any CPU
		{959ADDA0-D08F-4238-B0A8-A9C715A9DB3A}.TempBuild|x86.ActiveCfg = Release|Any CPU
		{2F26CB57-5F3B-4EDF-BD9B-1CADAC3FA981}.Debug|Any CPU.ActiveCfg = Debug|Any CPU
		{2F26CB57-5F3B-4EDF-BD9B-1CADAC3FA981}.Debug|Any CPU.Build.0 = Debug|Any CPU
		{2F26CB57-5F3B-4EDF-BD9B-1CADAC3FA981}.Debug|x86.ActiveCfg = Debug|Any CPU
		{2F26CB57-5F3B-4EDF-BD9B-1CADAC3FA981}.DummyPlatform|Any CPU.ActiveCfg = Debug|Any CPU
		{2F26CB57-5F3B-4EDF-BD9B-1CADAC3FA981}.DummyPlatform|Any CPU.Build.0 = Debug|Any CPU
		{2F26CB57-5F3B-4EDF-BD9B-1CADAC3FA981}.DummyPlatform|x86.ActiveCfg = Debug|Any CPU
		{2F26CB57-5F3B-4EDF-BD9B-1CADAC3FA981}.Release|Any CPU.ActiveCfg = Release|Any CPU
		{2F26CB57-5F3B-4EDF-BD9B-1CADAC3FA981}.Release|Any CPU.Build.0 = Release|Any CPU
		{2F26CB57-5F3B-4EDF-BD9B-1CADAC3FA981}.Release|x86.ActiveCfg = Release|Any CPU
		{2F26CB57-5F3B-4EDF-BD9B-1CADAC3FA981}.TempBuild|Any CPU.ActiveCfg = Release|Any CPU
		{2F26CB57-5F3B-4EDF-BD9B-1CADAC3FA981}.TempBuild|Any CPU.Build.0 = Release|Any CPU
		{2F26CB57-5F3B-4EDF-BD9B-1CADAC3FA981}.TempBuild|x86.ActiveCfg = Release|Any CPU
		{240FD585-1142-4395-A88F-7B9497A9B828}.Debug|Any CPU.ActiveCfg = Debug|Any CPU
		{240FD585-1142-4395-A88F-7B9497A9B828}.Debug|Any CPU.Build.0 = Debug|Any CPU
		{240FD585-1142-4395-A88F-7B9497A9B828}.Debug|x86.ActiveCfg = Debug|Any CPU
		{240FD585-1142-4395-A88F-7B9497A9B828}.DummyPlatform|Any CPU.ActiveCfg = Debug|Any CPU
		{240FD585-1142-4395-A88F-7B9497A9B828}.DummyPlatform|Any CPU.Build.0 = Debug|Any CPU
		{240FD585-1142-4395-A88F-7B9497A9B828}.DummyPlatform|x86.ActiveCfg = Debug|Any CPU
		{240FD585-1142-4395-A88F-7B9497A9B828}.Release|Any CPU.ActiveCfg = Release|Any CPU
		{240FD585-1142-4395-A88F-7B9497A9B828}.Release|Any CPU.Build.0 = Release|Any CPU
		{240FD585-1142-4395-A88F-7B9497A9B828}.Release|x86.ActiveCfg = Release|Any CPU
		{240FD585-1142-4395-A88F-7B9497A9B828}.TempBuild|Any CPU.ActiveCfg = Release|Any CPU
		{240FD585-1142-4395-A88F-7B9497A9B828}.TempBuild|Any CPU.Build.0 = Release|Any CPU
		{240FD585-1142-4395-A88F-7B9497A9B828}.TempBuild|x86.ActiveCfg = Release|Any CPU
		{0759F916-00B7-4A23-847A-A12E19DD2777}.Debug|Any CPU.ActiveCfg = Debug|Any CPU
		{0759F916-00B7-4A23-847A-A12E19DD2777}.Debug|Any CPU.Build.0 = Debug|Any CPU
		{0759F916-00B7-4A23-847A-A12E19DD2777}.Debug|x86.ActiveCfg = Debug|Any CPU
		{0759F916-00B7-4A23-847A-A12E19DD2777}.DummyPlatform|Any CPU.ActiveCfg = Debug|Any CPU
		{0759F916-00B7-4A23-847A-A12E19DD2777}.DummyPlatform|Any CPU.Build.0 = Debug|Any CPU
		{0759F916-00B7-4A23-847A-A12E19DD2777}.DummyPlatform|x86.ActiveCfg = Debug|Any CPU
		{0759F916-00B7-4A23-847A-A12E19DD2777}.Release|Any CPU.ActiveCfg = Release|Any CPU
		{0759F916-00B7-4A23-847A-A12E19DD2777}.Release|Any CPU.Build.0 = Release|Any CPU
		{0759F916-00B7-4A23-847A-A12E19DD2777}.Release|x86.ActiveCfg = Release|Any CPU
		{0759F916-00B7-4A23-847A-A12E19DD2777}.TempBuild|Any CPU.ActiveCfg = Release|Any CPU
		{0759F916-00B7-4A23-847A-A12E19DD2777}.TempBuild|Any CPU.Build.0 = Release|Any CPU
		{0759F916-00B7-4A23-847A-A12E19DD2777}.TempBuild|x86.ActiveCfg = Release|Any CPU
		{6D00D055-8C83-4616-B56E-357665DCC73F}.Debug|Any CPU.ActiveCfg = Debug|Any CPU
		{6D00D055-8C83-4616-B56E-357665DCC73F}.Debug|Any CPU.Build.0 = Debug|Any CPU
		{6D00D055-8C83-4616-B56E-357665DCC73F}.Debug|x86.ActiveCfg = Debug|Any CPU
		{6D00D055-8C83-4616-B56E-357665DCC73F}.DummyPlatform|Any CPU.ActiveCfg = Debug|Any CPU
		{6D00D055-8C83-4616-B56E-357665DCC73F}.DummyPlatform|Any CPU.Build.0 = Debug|Any CPU
		{6D00D055-8C83-4616-B56E-357665DCC73F}.DummyPlatform|x86.ActiveCfg = Debug|Any CPU
		{6D00D055-8C83-4616-B56E-357665DCC73F}.Release|Any CPU.ActiveCfg = Release|Any CPU
		{6D00D055-8C83-4616-B56E-357665DCC73F}.Release|Any CPU.Build.0 = Release|Any CPU
		{6D00D055-8C83-4616-B56E-357665DCC73F}.Release|x86.ActiveCfg = Release|Any CPU
		{6D00D055-8C83-4616-B56E-357665DCC73F}.TempBuild|Any CPU.ActiveCfg = Release|Any CPU
		{6D00D055-8C83-4616-B56E-357665DCC73F}.TempBuild|Any CPU.Build.0 = Release|Any CPU
		{6D00D055-8C83-4616-B56E-357665DCC73F}.TempBuild|x86.ActiveCfg = Release|Any CPU
		{FC2ED8AC-0D8B-45C3-82B1-E47F3D20833E}.Debug|Any CPU.ActiveCfg = Debug|Any CPU
		{FC2ED8AC-0D8B-45C3-82B1-E47F3D20833E}.Debug|Any CPU.Build.0 = Debug|Any CPU
		{FC2ED8AC-0D8B-45C3-82B1-E47F3D20833E}.Debug|x86.ActiveCfg = Debug|Any CPU
		{FC2ED8AC-0D8B-45C3-82B1-E47F3D20833E}.DummyPlatform|Any CPU.ActiveCfg = Debug|Any CPU
		{FC2ED8AC-0D8B-45C3-82B1-E47F3D20833E}.DummyPlatform|Any CPU.Build.0 = Debug|Any CPU
		{FC2ED8AC-0D8B-45C3-82B1-E47F3D20833E}.DummyPlatform|x86.ActiveCfg = Debug|Any CPU
		{FC2ED8AC-0D8B-45C3-82B1-E47F3D20833E}.Release|Any CPU.ActiveCfg = Release|Any CPU
		{FC2ED8AC-0D8B-45C3-82B1-E47F3D20833E}.Release|Any CPU.Build.0 = Release|Any CPU
		{FC2ED8AC-0D8B-45C3-82B1-E47F3D20833E}.Release|x86.ActiveCfg = Release|Any CPU
		{FC2ED8AC-0D8B-45C3-82B1-E47F3D20833E}.TempBuild|Any CPU.ActiveCfg = Release|Any CPU
		{FC2ED8AC-0D8B-45C3-82B1-E47F3D20833E}.TempBuild|Any CPU.Build.0 = Release|Any CPU
		{FC2ED8AC-0D8B-45C3-82B1-E47F3D20833E}.TempBuild|x86.ActiveCfg = Release|Any CPU
		{C4B98A85-F3B6-43FE-AF0A-16E34E63E238}.Debug|Any CPU.ActiveCfg = Debug|Any CPU
		{C4B98A85-F3B6-43FE-AF0A-16E34E63E238}.Debug|Any CPU.Build.0 = Debug|Any CPU
		{C4B98A85-F3B6-43FE-AF0A-16E34E63E238}.Debug|x86.ActiveCfg = Debug|Any CPU
		{C4B98A85-F3B6-43FE-AF0A-16E34E63E238}.DummyPlatform|Any CPU.ActiveCfg = Debug|Any CPU
		{C4B98A85-F3B6-43FE-AF0A-16E34E63E238}.DummyPlatform|Any CPU.Build.0 = Debug|Any CPU
		{C4B98A85-F3B6-43FE-AF0A-16E34E63E238}.DummyPlatform|x86.ActiveCfg = Debug|Any CPU
		{C4B98A85-F3B6-43FE-AF0A-16E34E63E238}.Release|Any CPU.ActiveCfg = Release|Any CPU
		{C4B98A85-F3B6-43FE-AF0A-16E34E63E238}.Release|Any CPU.Build.0 = Release|Any CPU
		{C4B98A85-F3B6-43FE-AF0A-16E34E63E238}.Release|x86.ActiveCfg = Release|Any CPU
		{C4B98A85-F3B6-43FE-AF0A-16E34E63E238}.TempBuild|Any CPU.ActiveCfg = Release|Any CPU
		{C4B98A85-F3B6-43FE-AF0A-16E34E63E238}.TempBuild|Any CPU.Build.0 = Release|Any CPU
		{C4B98A85-F3B6-43FE-AF0A-16E34E63E238}.TempBuild|x86.ActiveCfg = Release|Any CPU
		{0EEFC1AB-19DD-4A3A-A5E7-12C566D3761B}.Debug|Any CPU.ActiveCfg = Debug|Any CPU
		{0EEFC1AB-19DD-4A3A-A5E7-12C566D3761B}.Debug|Any CPU.Build.0 = Debug|Any CPU
		{0EEFC1AB-19DD-4A3A-A5E7-12C566D3761B}.Debug|x86.ActiveCfg = Debug|Any CPU
		{0EEFC1AB-19DD-4A3A-A5E7-12C566D3761B}.DummyPlatform|Any CPU.ActiveCfg = Debug|Any CPU
		{0EEFC1AB-19DD-4A3A-A5E7-12C566D3761B}.DummyPlatform|Any CPU.Build.0 = Debug|Any CPU
		{0EEFC1AB-19DD-4A3A-A5E7-12C566D3761B}.DummyPlatform|x86.ActiveCfg = Debug|Any CPU
		{0EEFC1AB-19DD-4A3A-A5E7-12C566D3761B}.Release|Any CPU.ActiveCfg = Release|Any CPU
		{0EEFC1AB-19DD-4A3A-A5E7-12C566D3761B}.Release|Any CPU.Build.0 = Release|Any CPU
		{0EEFC1AB-19DD-4A3A-A5E7-12C566D3761B}.Release|x86.ActiveCfg = Release|Any CPU
		{0EEFC1AB-19DD-4A3A-A5E7-12C566D3761B}.TempBuild|Any CPU.ActiveCfg = Release|Any CPU
		{0EEFC1AB-19DD-4A3A-A5E7-12C566D3761B}.TempBuild|Any CPU.Build.0 = Release|Any CPU
		{0EEFC1AB-19DD-4A3A-A5E7-12C566D3761B}.TempBuild|x86.ActiveCfg = Release|Any CPU
		{9C5CFADB-05A2-4BCD-9490-E5DEB1CF0490}.Debug|Any CPU.ActiveCfg = Debug|Any CPU
		{9C5CFADB-05A2-4BCD-9490-E5DEB1CF0490}.Debug|Any CPU.Build.0 = Debug|Any CPU
		{9C5CFADB-05A2-4BCD-9490-E5DEB1CF0490}.Debug|x86.ActiveCfg = Debug|Any CPU
		{9C5CFADB-05A2-4BCD-9490-E5DEB1CF0490}.DummyPlatform|Any CPU.ActiveCfg = Debug|Any CPU
		{9C5CFADB-05A2-4BCD-9490-E5DEB1CF0490}.DummyPlatform|Any CPU.Build.0 = Debug|Any CPU
		{9C5CFADB-05A2-4BCD-9490-E5DEB1CF0490}.DummyPlatform|x86.ActiveCfg = Debug|Any CPU
		{9C5CFADB-05A2-4BCD-9490-E5DEB1CF0490}.Release|Any CPU.ActiveCfg = Release|Any CPU
		{9C5CFADB-05A2-4BCD-9490-E5DEB1CF0490}.Release|Any CPU.Build.0 = Release|Any CPU
		{9C5CFADB-05A2-4BCD-9490-E5DEB1CF0490}.Release|x86.ActiveCfg = Release|Any CPU
		{9C5CFADB-05A2-4BCD-9490-E5DEB1CF0490}.TempBuild|Any CPU.ActiveCfg = Release|Any CPU
		{9C5CFADB-05A2-4BCD-9490-E5DEB1CF0490}.TempBuild|Any CPU.Build.0 = Release|Any CPU
		{9C5CFADB-05A2-4BCD-9490-E5DEB1CF0490}.TempBuild|x86.ActiveCfg = Release|Any CPU
		{65054C16-4C56-4F57-A8C1-F325B9320803}.Debug|Any CPU.ActiveCfg = Debug|Any CPU
		{65054C16-4C56-4F57-A8C1-F325B9320803}.Debug|Any CPU.Build.0 = Debug|Any CPU
		{65054C16-4C56-4F57-A8C1-F325B9320803}.Debug|x86.ActiveCfg = Debug|Any CPU
		{65054C16-4C56-4F57-A8C1-F325B9320803}.DummyPlatform|Any CPU.ActiveCfg = Debug|Any CPU
		{65054C16-4C56-4F57-A8C1-F325B9320803}.DummyPlatform|Any CPU.Build.0 = Debug|Any CPU
		{65054C16-4C56-4F57-A8C1-F325B9320803}.DummyPlatform|x86.ActiveCfg = Debug|Any CPU
		{65054C16-4C56-4F57-A8C1-F325B9320803}.Release|Any CPU.ActiveCfg = Release|Any CPU
		{65054C16-4C56-4F57-A8C1-F325B9320803}.Release|Any CPU.Build.0 = Release|Any CPU
		{65054C16-4C56-4F57-A8C1-F325B9320803}.Release|x86.ActiveCfg = Release|Any CPU
		{65054C16-4C56-4F57-A8C1-F325B9320803}.TempBuild|Any CPU.ActiveCfg = Release|Any CPU
		{65054C16-4C56-4F57-A8C1-F325B9320803}.TempBuild|Any CPU.Build.0 = Release|Any CPU
		{65054C16-4C56-4F57-A8C1-F325B9320803}.TempBuild|x86.ActiveCfg = Release|Any CPU
	EndGlobalSection
	GlobalSection(SolutionProperties) = preSolution
		HideSolutionNode = FALSE
	EndGlobalSection
EndGlobal
