
Microsoft Visual Studio Solution File, Format Version 12.00
# Visual Studio 2012
Project("{FAE04EC0-301F-11D3-BF4B-00C04F79EFBC}") = "DargonManager", "DargonManager\DargonManager.csproj", "{5a16ef83-a8ba-44ad-8cce-2923bd55e1a4}"
EndProject
Project("{FAE04EC0-301F-11D3-BF4B-00C04F79EFBC}") = "Dargon.UI", "..\Dargon.UI\Dargon.UI.csproj", "{01a4a8de-41db-4944-8d52-39fa519e00a6}"
EndProject
Global
	GlobalSection(SolutionConfigurationPlatforms) = preSolution
		Debug|Any CPU = Debug|Any CPU
		Release|Any CPU = Release|Any CPU
	EndGlobalSection
	GlobalSection(ProjectConfigurationPlatforms) = postSolution
		{01A4A8DE-41DB-4944-8D52-39FA519E00A6}.Debug|Any CPU.ActiveCfg = Debug|Any CPU
		{01A4A8DE-41DB-4944-8D52-39FA519E00A6}.Debug|Any CPU.Build.0 = Debug|Any CPU
		{01A4A8DE-41DB-4944-8D52-39FA519E00A6}.Release|Any CPU.ActiveCfg = Release|Any CPU
		{01A4A8DE-41DB-4944-8D52-39FA519E00A6}.Release|Any CPU.Build.0 = Release|Any CPU
		{5A16EF83-A8BA-44AD-8CCE-2923BD55E1A4}.Debug|Any CPU.ActiveCfg = Debug|Any CPU
		{5A16EF83-A8BA-44AD-8CCE-2923BD55E1A4}.Debug|Any CPU.Build.0 = Debug|Any CPU
		{5A16EF83-A8BA-44AD-8CCE-2923BD55E1A4}.Release|Any CPU.ActiveCfg = Release|Any CPU
		{5A16EF83-A8BA-44AD-8CCE-2923BD55E1A4}.Release|Any CPU.Build.0 = Release|Any CPU
	EndGlobalSection
EndGlobal
